// !$*UTF8*$!
{
	archiveVersion = 1;
	classes = {
	};
	objectVersion = 56;
	objects = {

/* Begin PBXBuildFile section */
		54FC8A5E2C62D8E20025A13B /* AppDelegate.swift in Sources */ = {isa = PBXBuildFile; fileRef = 54FC8A5D2C62D8E20025A13B /* AppDelegate.swift */; };
		54FC8A602C62D8E20025A13B /* SceneDelegate.swift in Sources */ = {isa = PBXBuildFile; fileRef = 54FC8A5F2C62D8E20025A13B /* SceneDelegate.swift */; };
		54FC8A672C62D8E30025A13B /* Assets.xcassets in Resources */ = {isa = PBXBuildFile; fileRef = 54FC8A662C62D8E30025A13B /* Assets.xcassets */; };
		54FC8A6A2C62D8E30025A13B /* Base in Resources */ = {isa = PBXBuildFile; fileRef = 54FC8A692C62D8E30025A13B /* Base */; };
		54FC8A772C62DA4E0025A13B /* HomeContract.swift in Sources */ = {isa = PBXBuildFile; fileRef = 54FC8A722C62DA4E0025A13B /* HomeContract.swift */; };
		54FC8A782C62DA4E0025A13B /* HomePresenter.swift in Sources */ = {isa = PBXBuildFile; fileRef = 54FC8A732C62DA4E0025A13B /* HomePresenter.swift */; };
		54FC8A792C62DA4E0025A13B /* HomeRouter.swift in Sources */ = {isa = PBXBuildFile; fileRef = 54FC8A742C62DA4E0025A13B /* HomeRouter.swift */; };
		54FC8A7A2C62DA4E0025A13B /* HomeViewController.swift in Sources */ = {isa = PBXBuildFile; fileRef = 54FC8A752C62DA4E0025A13B /* HomeViewController.swift */; };
		54FC8A7B2C62DA4E0025A13B /* HomeInteractor.swift in Sources */ = {isa = PBXBuildFile; fileRef = 54FC8A762C62DA4E0025A13B /* HomeInteractor.swift */; };
		54FC8A9D2C62E6700025A13B /* Alamofire in Frameworks */ = {isa = PBXBuildFile; productRef = 54FC8A9C2C62E6700025A13B /* Alamofire */; };
		54FC8AA22C62E6DD0025A13B /* Swinject in Frameworks */ = {isa = PBXBuildFile; productRef = 54FC8AA12C62E6DD0025A13B /* Swinject */; };
		54FC8AA72C62E7240025A13B /* Kingfisher in Frameworks */ = {isa = PBXBuildFile; productRef = 54FC8AA62C62E7240025A13B /* Kingfisher */; };
		54FC8AAD2C62E7C40025A13B /* Realm in Frameworks */ = {isa = PBXBuildFile; productRef = 54FC8AAC2C62E7C40025A13B /* Realm */; };
		54FC8AB22C62E8030025A13B /* Toast in Frameworks */ = {isa = PBXBuildFile; productRef = 54FC8AB12C62E8030025A13B /* Toast */; };
		54FC8AB62C62E8BD0025A13B /* BottomSheet in Frameworks */ = {isa = PBXBuildFile; productRef = 54FC8AB52C62E8BD0025A13B /* BottomSheet */; };
/* End PBXBuildFile section */

/* Begin PBXFileReference section */
		54FC8A5A2C62D8E20025A13B /* ozPodcastApp.app */ = {isa = PBXFileReference; explicitFileType = wrapper.application; includeInIndex = 0; path = ozPodcastApp.app; sourceTree = BUILT_PRODUCTS_DIR; };
		54FC8A5D2C62D8E20025A13B /* AppDelegate.swift */ = {isa = PBXFileReference; lastKnownFileType = sourcecode.swift; path = AppDelegate.swift; sourceTree = "<group>"; };
		54FC8A5F2C62D8E20025A13B /* SceneDelegate.swift */ = {isa = PBXFileReference; lastKnownFileType = sourcecode.swift; path = SceneDelegate.swift; sourceTree = "<group>"; };
		54FC8A662C62D8E30025A13B /* Assets.xcassets */ = {isa = PBXFileReference; lastKnownFileType = folder.assetcatalog; path = Assets.xcassets; sourceTree = "<group>"; };
		54FC8A692C62D8E30025A13B /* Base */ = {isa = PBXFileReference; lastKnownFileType = file.storyboard; name = Base; path = Base.lproj/LaunchScreen.storyboard; sourceTree = "<group>"; };
		54FC8A6B2C62D8E30025A13B /* Info.plist */ = {isa = PBXFileReference; lastKnownFileType = text.plist.xml; path = Info.plist; sourceTree = "<group>"; };
		54FC8A722C62DA4E0025A13B /* HomeContract.swift */ = {isa = PBXFileReference; lastKnownFileType = sourcecode.swift; path = HomeContract.swift; sourceTree = "<group>"; };
		54FC8A732C62DA4E0025A13B /* HomePresenter.swift */ = {isa = PBXFileReference; lastKnownFileType = sourcecode.swift; path = HomePresenter.swift; sourceTree = "<group>"; };
		54FC8A742C62DA4E0025A13B /* HomeRouter.swift */ = {isa = PBXFileReference; lastKnownFileType = sourcecode.swift; path = HomeRouter.swift; sourceTree = "<group>"; };
		54FC8A752C62DA4E0025A13B /* HomeViewController.swift */ = {isa = PBXFileReference; lastKnownFileType = sourcecode.swift; path = HomeViewController.swift; sourceTree = "<group>"; };
		54FC8A762C62DA4E0025A13B /* HomeInteractor.swift */ = {isa = PBXFileReference; lastKnownFileType = sourcecode.swift; path = HomeInteractor.swift; sourceTree = "<group>"; };
/* End PBXFileReference section */

/* Begin PBXFrameworksBuildPhase section */
		54FC8A572C62D8E20025A13B /* Frameworks */ = {
			isa = PBXFrameworksBuildPhase;
			buildActionMask = 2147483647;
			files = (
				54FC8AA72C62E7240025A13B /* Kingfisher in Frameworks */,
				54FC8AB62C62E8BD0025A13B /* BottomSheet in Frameworks */,
				54FC8A9D2C62E6700025A13B /* Alamofire in Frameworks */,
				54FC8AAD2C62E7C40025A13B /* Realm in Frameworks */,
				54FC8AB22C62E8030025A13B /* Toast in Frameworks */,
				54FC8AA22C62E6DD0025A13B /* Swinject in Frameworks */,
			);
			runOnlyForDeploymentPostprocessing = 0;
		};
/* End PBXFrameworksBuildPhase section */

/* Begin PBXGroup section */
		54EB8D662C6C26A20049AEC6 /* Core */ = {
			isa = PBXGroup;
			children = (
				54EB8D6A2C6C26C40049AEC6 /* Constants */,
				54EB8D692C6C26BD0049AEC6 /* Protocols */,
				54EB8D682C6C26B60049AEC6 /* Extensions */,
				54EB8D672C6C26A80049AEC6 /* Utilities */,
			);
			path = Core;
			sourceTree = "<group>";
		};
		54EB8D672C6C26A80049AEC6 /* Utilities */ = {
			isa = PBXGroup;
			children = (
			);
			path = Utilities;
			sourceTree = "<group>";
		};
		54EB8D682C6C26B60049AEC6 /* Extensions */ = {
			isa = PBXGroup;
			children = (
			);
			path = Extensions;
			sourceTree = "<group>";
		};
		54EB8D692C6C26BD0049AEC6 /* Protocols */ = {
			isa = PBXGroup;
			children = (
			);
			path = Protocols;
			sourceTree = "<group>";
		};
		54EB8D6A2C6C26C40049AEC6 /* Constants */ = {
			isa = PBXGroup;
			children = (
			);
			path = Constants;
			sourceTree = "<group>";
		};
		54EB8D6B2C6C26EE0049AEC6 /* Common */ = {
			isa = PBXGroup;
			children = (
				54EB8D6E2C6C27130049AEC6 /* Services */,
				54EB8D6D2C6C270E0049AEC6 /* Helpers */,
				54EB8D6C2C6C27010049AEC6 /* UIComponents */,
			);
			path = Common;
			sourceTree = "<group>";
		};
		54EB8D6C2C6C27010049AEC6 /* UIComponents */ = {
			isa = PBXGroup;
			children = (
			);
			path = UIComponents;
			sourceTree = "<group>";
		};
		54EB8D6D2C6C270E0049AEC6 /* Helpers */ = {
			isa = PBXGroup;
			children = (
			);
			path = Helpers;
			sourceTree = "<group>";
		};
		54EB8D6E2C6C27130049AEC6 /* Services */ = {
			isa = PBXGroup;
			children = (
			);
			path = Services;
			sourceTree = "<group>";
		};
		54EB8D6F2C6C27320049AEC6 /* Features */ = {
			isa = PBXGroup;
			children = (
			);
			path = Features;
			sourceTree = "<group>";
		};
		54EB8D702C6C27380049AEC6 /* Resources */ = {
			isa = PBXGroup;
			children = (
				54EB8D732C6C27490049AEC6 /* Localization */,
				54EB8D722C6C27430049AEC6 /* Assets */,
				54EB8D712C6C273F0049AEC6 /* Fonts */,
			);
			path = Resources;
			sourceTree = "<group>";
		};
		54EB8D712C6C273F0049AEC6 /* Fonts */ = {
			isa = PBXGroup;
			children = (
			);
			path = Fonts;
			sourceTree = "<group>";
		};
		54EB8D722C6C27430049AEC6 /* Assets */ = {
			isa = PBXGroup;
			children = (
				54FC8A662C62D8E30025A13B /* Assets.xcassets */,
			);
			path = Assets;
			sourceTree = "<group>";
		};
		54EB8D732C6C27490049AEC6 /* Localization */ = {
			isa = PBXGroup;
			children = (
			);
			path = Localization;
			sourceTree = "<group>";
		};
		54EB8D742C6C27560049AEC6 /* Network */ = {
			isa = PBXGroup;
			children = (
				54EB8D772C6C276C0049AEC6 /* Models */,
				54EB8D762C6C27650049AEC6 /* EndPoints */,
				54EB8D752C6C275C0049AEC6 /* Manager */,
			);
			path = Network;
			sourceTree = "<group>";
		};
		54EB8D752C6C275C0049AEC6 /* Manager */ = {
			isa = PBXGroup;
			children = (
			);
			path = Manager;
			sourceTree = "<group>";
		};
		54EB8D762C6C27650049AEC6 /* EndPoints */ = {
			isa = PBXGroup;
			children = (
			);
			path = EndPoints;
			sourceTree = "<group>";
		};
		54EB8D772C6C276C0049AEC6 /* Models */ = {
			isa = PBXGroup;
			children = (
			);
			path = Models;
			sourceTree = "<group>";
		};
		54EB8D782C6C27790049AEC6 /* Stroage */ = {
			isa = PBXGroup;
			children = (
				54EB8D7B2C6C278E0049AEC6 /* UserDeafult */,
				54EB8D7A2C6C27860049AEC6 /* Realm */,
				54EB8D792C6C277F0049AEC6 /* Manager */,
			);
			path = Stroage;
			sourceTree = "<group>";
		};
		54EB8D792C6C277F0049AEC6 /* Manager */ = {
			isa = PBXGroup;
			children = (
			);
			path = Manager;
			sourceTree = "<group>";
		};
		54EB8D7A2C6C27860049AEC6 /* Realm */ = {
			isa = PBXGroup;
			children = (
			);
			path = Realm;
			sourceTree = "<group>";
		};
		54EB8D7B2C6C278E0049AEC6 /* UserDeafult */ = {
			isa = PBXGroup;
			children = (
			);
			path = UserDeafult;
			sourceTree = "<group>";
		};
		54EB8D7C2C6C27A20049AEC6 /* Application */ = {
			isa = PBXGroup;
			children = (
				54FC8A6B2C62D8E30025A13B /* Info.plist */,
				54FC8A682C62D8E30025A13B /* LaunchScreen.storyboard */,
				54FC8A5F2C62D8E20025A13B /* SceneDelegate.swift */,
				54FC8A5D2C62D8E20025A13B /* AppDelegate.swift */,
			);
			path = Application;
			sourceTree = "<group>";
		};
		54FC8A512C62D8E20025A13B = {
			isa = PBXGroup;
			children = (
				54FC8A5C2C62D8E20025A13B /* ozPodcastApp */,
				54FC8A5B2C62D8E20025A13B /* Products */,
			);
			sourceTree = "<group>";
		};
		54FC8A5B2C62D8E20025A13B /* Products */ = {
			isa = PBXGroup;
			children = (
				54FC8A5A2C62D8E20025A13B /* ozPodcastApp.app */,
			);
			name = Products;
			sourceTree = "<group>";
		};
		54FC8A5C2C62D8E20025A13B /* ozPodcastApp */ = {
			isa = PBXGroup;
			children = (
				54EB8D7C2C6C27A20049AEC6 /* Application */,
				54EB8D782C6C27790049AEC6 /* Stroage */,
				54EB8D742C6C27560049AEC6 /* Network */,
				54EB8D702C6C27380049AEC6 /* Resources */,
				54EB8D6F2C6C27320049AEC6 /* Features */,
				54EB8D6B2C6C26EE0049AEC6 /* Common */,
				54EB8D662C6C26A20049AEC6 /* Core */,
				54FC8A712C62DA310025A13B /* Home */,
			);
			path = ozPodcastApp;
			sourceTree = "<group>";
		};
		54FC8A712C62DA310025A13B /* Home */ = {
			isa = PBXGroup;
			children = (
				54FC8A722C62DA4E0025A13B /* HomeContract.swift */,
				54FC8A732C62DA4E0025A13B /* HomePresenter.swift */,
				54FC8A742C62DA4E0025A13B /* HomeRouter.swift */,
				54FC8A752C62DA4E0025A13B /* HomeViewController.swift */,
				54FC8A762C62DA4E0025A13B /* HomeInteractor.swift */,
			);
			path = Home;
			sourceTree = "<group>";
		};
/* End PBXGroup section */

/* Begin PBXNativeTarget section */
		54FC8A592C62D8E20025A13B /* ozPodcastApp */ = {
			isa = PBXNativeTarget;
			buildConfigurationList = 54FC8A6E2C62D8E30025A13B /* Build configuration list for PBXNativeTarget "ozPodcastApp" */;
			buildPhases = (
				54FC8A562C62D8E20025A13B /* Sources */,
				54FC8A572C62D8E20025A13B /* Frameworks */,
				54FC8A582C62D8E20025A13B /* Resources */,
				54FC8AB32C62E8440025A13B /* Swiftlint */,
			);
			buildRules = (
			);
			dependencies = (
			);
			name = ozPodcastApp;
			packageProductDependencies = (
				54FC8A9C2C62E6700025A13B /* Alamofire */,
				54FC8AA12C62E6DD0025A13B /* Swinject */,
				54FC8AA62C62E7240025A13B /* Kingfisher */,
				54FC8AAC2C62E7C40025A13B /* Realm */,
				54FC8AB12C62E8030025A13B /* Toast */,
				54FC8AB52C62E8BD0025A13B /* BottomSheet */,
			);
			productName = ozPodcastApp;
			productReference = 54FC8A5A2C62D8E20025A13B /* ozPodcastApp.app */;
			productType = "com.apple.product-type.application";
		};
/* End PBXNativeTarget section */

/* Begin PBXProject section */
		54FC8A522C62D8E20025A13B /* Project object */ = {
			isa = PBXProject;
			attributes = {
				BuildIndependentTargetsInParallel = 1;
				LastSwiftUpdateCheck = 1540;
				LastUpgradeCheck = 1540;
				TargetAttributes = {
					54FC8A592C62D8E20025A13B = {
						CreatedOnToolsVersion = 15.4;
					};
				};
			};
			buildConfigurationList = 54FC8A552C62D8E20025A13B /* Build configuration list for PBXProject "ozPodcastApp" */;
			compatibilityVersion = "Xcode 14.0";
			developmentRegion = en;
			hasScannedForEncodings = 0;
			knownRegions = (
				en,
				Base,
			);
			mainGroup = 54FC8A512C62D8E20025A13B;
			packageReferences = (
				54FC8A9B2C62E6700025A13B /* XCRemoteSwiftPackageReference "Alamofire" */,
				54FC8AA02C62E6DD0025A13B /* XCRemoteSwiftPackageReference "Swinject" */,
				54FC8AA52C62E7240025A13B /* XCRemoteSwiftPackageReference "Kingfisher" */,
				54FC8AA82C62E73E0025A13B /* XCRemoteSwiftPackageReference "SwiftLint" */,
				54FC8AAB2C62E7C40025A13B /* XCRemoteSwiftPackageReference "realm-swift" */,
				54FC8AB02C62E8030025A13B /* XCRemoteSwiftPackageReference "Toast-Swift" */,
				54FC8AB42C62E8BD0025A13B /* XCRemoteSwiftPackageReference "BottomSheet" */,
			);
			productRefGroup = 54FC8A5B2C62D8E20025A13B /* Products */;
			projectDirPath = "";
			projectRoot = "";
			targets = (
				54FC8A592C62D8E20025A13B /* ozPodcastApp */,
			);
		};
/* End PBXProject section */

/* Begin PBXResourcesBuildPhase section */
		54FC8A582C62D8E20025A13B /* Resources */ = {
			isa = PBXResourcesBuildPhase;
			buildActionMask = 2147483647;
			files = (
				54FC8A672C62D8E30025A13B /* Assets.xcassets in Resources */,
				54FC8A6A2C62D8E30025A13B /* Base in Resources */,
			);
			runOnlyForDeploymentPostprocessing = 0;
		};
/* End PBXResourcesBuildPhase section */

/* Begin PBXShellScriptBuildPhase section */
		54FC8AB32C62E8440025A13B /* Swiftlint */ = {
			isa = PBXShellScriptBuildPhase;
			buildActionMask = 2147483647;
			files = (
			);
			inputFileListPaths = (
			);
			inputPaths = (
			);
			name = Swiftlint;
			outputFileListPaths = (
			);
			outputPaths = (
			);
			runOnlyForDeploymentPostprocessing = 0;
			shellPath = /bin/sh;
			shellScript = "export PATH=\"$PATH:/opt/homebrew/bin\"\n\nif which swiftlint > /dev/null; then\n  swiftlint\nelse\n  echo \"warning: SwiftLint not installed, download from https://github.com/realm/SwiftLint\"\nfi\n";
		};
/* End PBXShellScriptBuildPhase section */

/* Begin PBXSourcesBuildPhase section */
		54FC8A562C62D8E20025A13B /* Sources */ = {
			isa = PBXSourcesBuildPhase;
			buildActionMask = 2147483647;
			files = (
				54FC8A5E2C62D8E20025A13B /* AppDelegate.swift in Sources */,
				54FC8A772C62DA4E0025A13B /* HomeContract.swift in Sources */,
				54FC8A782C62DA4E0025A13B /* HomePresenter.swift in Sources */,
				54FC8A792C62DA4E0025A13B /* HomeRouter.swift in Sources */,
				54FC8A7A2C62DA4E0025A13B /* HomeViewController.swift in Sources */,
				54FC8A7B2C62DA4E0025A13B /* HomeInteractor.swift in Sources */,
				54FC8A602C62D8E20025A13B /* SceneDelegate.swift in Sources */,
			);
			runOnlyForDeploymentPostprocessing = 0;
		};
/* End PBXSourcesBuildPhase section */

/* Begin PBXVariantGroup section */
		54FC8A682C62D8E30025A13B /* LaunchScreen.storyboard */ = {
			isa = PBXVariantGroup;
			children = (
				54FC8A692C62D8E30025A13B /* Base */,
			);
			name = LaunchScreen.storyboard;
			sourceTree = "<group>";
		};
/* End PBXVariantGroup section */

/* Begin XCBuildConfiguration section */
		54FC8A6C2C62D8E30025A13B /* Debug */ = {
			isa = XCBuildConfiguration;
			buildSettings = {
				ALWAYS_SEARCH_USER_PATHS = NO;
				ASSETCATALOG_COMPILER_GENERATE_SWIFT_ASSET_SYMBOL_EXTENSIONS = YES;
				CLANG_ANALYZER_NONNULL = YES;
				CLANG_ANALYZER_NUMBER_OBJECT_CONVERSION = YES_AGGRESSIVE;
				CLANG_CXX_LANGUAGE_STANDARD = "gnu++20";
				CLANG_ENABLE_MODULES = YES;
				CLANG_ENABLE_OBJC_ARC = YES;
				CLANG_ENABLE_OBJC_WEAK = YES;
				CLANG_WARN_BLOCK_CAPTURE_AUTORELEASING = YES;
				CLANG_WARN_BOOL_CONVERSION = YES;
				CLANG_WARN_COMMA = YES;
				CLANG_WARN_CONSTANT_CONVERSION = YES;
				CLANG_WARN_DEPRECATED_OBJC_IMPLEMENTATIONS = YES;
				CLANG_WARN_DIRECT_OBJC_ISA_USAGE = YES_ERROR;
				CLANG_WARN_DOCUMENTATION_COMMENTS = YES;
				CLANG_WARN_EMPTY_BODY = YES;
				CLANG_WARN_ENUM_CONVERSION = YES;
				CLANG_WARN_INFINITE_RECURSION = YES;
				CLANG_WARN_INT_CONVERSION = YES;
				CLANG_WARN_NON_LITERAL_NULL_CONVERSION = YES;
				CLANG_WARN_OBJC_IMPLICIT_RETAIN_SELF = YES;
				CLANG_WARN_OBJC_LITERAL_CONVERSION = YES;
				CLANG_WARN_OBJC_ROOT_CLASS = YES_ERROR;
				CLANG_WARN_QUOTED_INCLUDE_IN_FRAMEWORK_HEADER = YES;
				CLANG_WARN_RANGE_LOOP_ANALYSIS = YES;
				CLANG_WARN_STRICT_PROTOTYPES = YES;
				CLANG_WARN_SUSPICIOUS_MOVE = YES;
				CLANG_WARN_UNGUARDED_AVAILABILITY = YES_AGGRESSIVE;
				CLANG_WARN_UNREACHABLE_CODE = YES;
				CLANG_WARN__DUPLICATE_METHOD_MATCH = YES;
				COPY_PHASE_STRIP = NO;
				DEBUG_INFORMATION_FORMAT = dwarf;
				ENABLE_STRICT_OBJC_MSGSEND = YES;
				ENABLE_TESTABILITY = YES;
				ENABLE_USER_SCRIPT_SANDBOXING = NO;
				GCC_C_LANGUAGE_STANDARD = gnu17;
				GCC_DYNAMIC_NO_PIC = NO;
				GCC_NO_COMMON_BLOCKS = YES;
				GCC_OPTIMIZATION_LEVEL = 0;
				GCC_PREPROCESSOR_DEFINITIONS = (
					"DEBUG=1",
					"$(inherited)",
				);
				GCC_WARN_64_TO_32_BIT_CONVERSION = YES;
				GCC_WARN_ABOUT_RETURN_TYPE = YES_ERROR;
				GCC_WARN_UNDECLARED_SELECTOR = YES;
				GCC_WARN_UNINITIALIZED_AUTOS = YES_AGGRESSIVE;
				GCC_WARN_UNUSED_FUNCTION = YES;
				GCC_WARN_UNUSED_VARIABLE = YES;
				IPHONEOS_DEPLOYMENT_TARGET = 17.5;
				LOCALIZATION_PREFERS_STRING_CATALOGS = YES;
				MTL_ENABLE_DEBUG_INFO = INCLUDE_SOURCE;
				MTL_FAST_MATH = YES;
				ONLY_ACTIVE_ARCH = YES;
				SDKROOT = iphoneos;
				SWIFT_ACTIVE_COMPILATION_CONDITIONS = "DEBUG $(inherited)";
				SWIFT_OPTIMIZATION_LEVEL = "-Onone";
			};
			name = Debug;
		};
		54FC8A6D2C62D8E30025A13B /* Release */ = {
			isa = XCBuildConfiguration;
			buildSettings = {
				ALWAYS_SEARCH_USER_PATHS = NO;
				ASSETCATALOG_COMPILER_GENERATE_SWIFT_ASSET_SYMBOL_EXTENSIONS = YES;
				CLANG_ANALYZER_NONNULL = YES;
				CLANG_ANALYZER_NUMBER_OBJECT_CONVERSION = YES_AGGRESSIVE;
				CLANG_CXX_LANGUAGE_STANDARD = "gnu++20";
				CLANG_ENABLE_MODULES = YES;
				CLANG_ENABLE_OBJC_ARC = YES;
				CLANG_ENABLE_OBJC_WEAK = YES;
				CLANG_WARN_BLOCK_CAPTURE_AUTORELEASING = YES;
				CLANG_WARN_BOOL_CONVERSION = YES;
				CLANG_WARN_COMMA = YES;
				CLANG_WARN_CONSTANT_CONVERSION = YES;
				CLANG_WARN_DEPRECATED_OBJC_IMPLEMENTATIONS = YES;
				CLANG_WARN_DIRECT_OBJC_ISA_USAGE = YES_ERROR;
				CLANG_WARN_DOCUMENTATION_COMMENTS = YES;
				CLANG_WARN_EMPTY_BODY = YES;
				CLANG_WARN_ENUM_CONVERSION = YES;
				CLANG_WARN_INFINITE_RECURSION = YES;
				CLANG_WARN_INT_CONVERSION = YES;
				CLANG_WARN_NON_LITERAL_NULL_CONVERSION = YES;
				CLANG_WARN_OBJC_IMPLICIT_RETAIN_SELF = YES;
				CLANG_WARN_OBJC_LITERAL_CONVERSION = YES;
				CLANG_WARN_OBJC_ROOT_CLASS = YES_ERROR;
				CLANG_WARN_QUOTED_INCLUDE_IN_FRAMEWORK_HEADER = YES;
				CLANG_WARN_RANGE_LOOP_ANALYSIS = YES;
				CLANG_WARN_STRICT_PROTOTYPES = YES;
				CLANG_WARN_SUSPICIOUS_MOVE = YES;
				CLANG_WARN_UNGUARDED_AVAILABILITY = YES_AGGRESSIVE;
				CLANG_WARN_UNREACHABLE_CODE = YES;
				CLANG_WARN__DUPLICATE_METHOD_MATCH = YES;
				COPY_PHASE_STRIP = NO;
				DEBUG_INFORMATION_FORMAT = "dwarf-with-dsym";
				ENABLE_NS_ASSERTIONS = NO;
				ENABLE_STRICT_OBJC_MSGSEND = YES;
				ENABLE_USER_SCRIPT_SANDBOXING = NO;
				GCC_C_LANGUAGE_STANDARD = gnu17;
				GCC_NO_COMMON_BLOCKS = YES;
				GCC_WARN_64_TO_32_BIT_CONVERSION = YES;
				GCC_WARN_ABOUT_RETURN_TYPE = YES_ERROR;
				GCC_WARN_UNDECLARED_SELECTOR = YES;
				GCC_WARN_UNINITIALIZED_AUTOS = YES_AGGRESSIVE;
				GCC_WARN_UNUSED_FUNCTION = YES;
				GCC_WARN_UNUSED_VARIABLE = YES;
				IPHONEOS_DEPLOYMENT_TARGET = 17.5;
				LOCALIZATION_PREFERS_STRING_CATALOGS = YES;
				MTL_ENABLE_DEBUG_INFO = NO;
				MTL_FAST_MATH = YES;
				SDKROOT = iphoneos;
				SWIFT_COMPILATION_MODE = wholemodule;
				VALIDATE_PRODUCT = YES;
			};
			name = Release;
		};
		54FC8A6F2C62D8E30025A13B /* Debug */ = {
			isa = XCBuildConfiguration;
			buildSettings = {
				ASSETCATALOG_COMPILER_APPICON_NAME = AppIcon;
				ASSETCATALOG_COMPILER_GLOBAL_ACCENT_COLOR_NAME = AccentColor;
				CODE_SIGN_STYLE = Automatic;
				CURRENT_PROJECT_VERSION = 1;
				GENERATE_INFOPLIST_FILE = YES;
				INFOPLIST_FILE = ozPodcastApp/Application/Info.plist;
				INFOPLIST_KEY_UIApplicationSupportsIndirectInputEvents = YES;
				INFOPLIST_KEY_UILaunchStoryboardName = LaunchScreen;
				INFOPLIST_KEY_UIMainStoryboardFile = Main;
				INFOPLIST_KEY_UISupportedInterfaceOrientations_iPad = "UIInterfaceOrientationPortrait UIInterfaceOrientationPortraitUpsideDown UIInterfaceOrientationLandscapeLeft UIInterfaceOrientationLandscapeRight";
				INFOPLIST_KEY_UISupportedInterfaceOrientations_iPhone = "UIInterfaceOrientationPortrait UIInterfaceOrientationLandscapeLeft UIInterfaceOrientationLandscapeRight";
				LD_RUNPATH_SEARCH_PATHS = (
					"$(inherited)",
					"@executable_path/Frameworks",
				);
				MARKETING_VERSION = 1.0;
				PRODUCT_BUNDLE_IDENTIFIER = com.vb10.ozPodcastApp;
				PRODUCT_NAME = "$(TARGET_NAME)";
				SWIFT_EMIT_LOC_STRINGS = YES;
				SWIFT_VERSION = 5.0;
				TARGETED_DEVICE_FAMILY = "1,2";
			};
			name = Debug;
		};
		54FC8A702C62D8E30025A13B /* Release */ = {
			isa = XCBuildConfiguration;
			buildSettings = {
				ASSETCATALOG_COMPILER_APPICON_NAME = AppIcon;
				ASSETCATALOG_COMPILER_GLOBAL_ACCENT_COLOR_NAME = AccentColor;
				CODE_SIGN_STYLE = Automatic;
				CURRENT_PROJECT_VERSION = 1;
				GENERATE_INFOPLIST_FILE = YES;
				INFOPLIST_FILE = ozPodcastApp/Application/Info.plist;
				INFOPLIST_KEY_UIApplicationSupportsIndirectInputEvents = YES;
				INFOPLIST_KEY_UILaunchStoryboardName = LaunchScreen;
				INFOPLIST_KEY_UIMainStoryboardFile = Main;
				INFOPLIST_KEY_UISupportedInterfaceOrientations_iPad = "UIInterfaceOrientationPortrait UIInterfaceOrientationPortraitUpsideDown UIInterfaceOrientationLandscapeLeft UIInterfaceOrientationLandscapeRight";
				INFOPLIST_KEY_UISupportedInterfaceOrientations_iPhone = "UIInterfaceOrientationPortrait UIInterfaceOrientationLandscapeLeft UIInterfaceOrientationLandscapeRight";
				LD_RUNPATH_SEARCH_PATHS = (
					"$(inherited)",
					"@executable_path/Frameworks",
				);
				MARKETING_VERSION = 1.0;
				PRODUCT_BUNDLE_IDENTIFIER = com.vb10.ozPodcastApp;
				PRODUCT_NAME = "$(TARGET_NAME)";
				SWIFT_EMIT_LOC_STRINGS = YES;
				SWIFT_VERSION = 5.0;
				TARGETED_DEVICE_FAMILY = "1,2";
			};
			name = Release;
		};
/* End XCBuildConfiguration section */

/* Begin XCConfigurationList section */
		54FC8A552C62D8E20025A13B /* Build configuration list for PBXProject "ozPodcastApp" */ = {
			isa = XCConfigurationList;
			buildConfigurations = (
				54FC8A6C2C62D8E30025A13B /* Debug */,
				54FC8A6D2C62D8E30025A13B /* Release */,
			);
			defaultConfigurationIsVisible = 0;
			defaultConfigurationName = Release;
		};
		54FC8A6E2C62D8E30025A13B /* Build configuration list for PBXNativeTarget "ozPodcastApp" */ = {
			isa = XCConfigurationList;
			buildConfigurations = (
				54FC8A6F2C62D8E30025A13B /* Debug */,
				54FC8A702C62D8E30025A13B /* Release */,
			);
			defaultConfigurationIsVisible = 0;
			defaultConfigurationName = Release;
		};
/* End XCConfigurationList section */

/* Begin XCRemoteSwiftPackageReference section */
		54FC8A9B2C62E6700025A13B /* XCRemoteSwiftPackageReference "Alamofire" */ = {
			isa = XCRemoteSwiftPackageReference;
			repositoryURL = "https://github.com/Alamofire/Alamofire.git";
			requirement = {
				kind = upToNextMajorVersion;
				minimumVersion = 5.9.1;
			};
		};
		54FC8AA02C62E6DD0025A13B /* XCRemoteSwiftPackageReference "Swinject" */ = {
			isa = XCRemoteSwiftPackageReference;
			repositoryURL = "https://github.com/Swinject/Swinject.git";
			requirement = {
				kind = upToNextMajorVersion;
				minimumVersion = 2.9.1;
			};
		};
		54FC8AA52C62E7240025A13B /* XCRemoteSwiftPackageReference "Kingfisher" */ = {
			isa = XCRemoteSwiftPackageReference;
			repositoryURL = "https://github.com/onevcat/Kingfisher";
			requirement = {
				kind = upToNextMajorVersion;
				minimumVersion = 7.12.0;
			};
		};
		54FC8AA82C62E73E0025A13B /* XCRemoteSwiftPackageReference "SwiftLint" */ = {
			isa = XCRemoteSwiftPackageReference;
			repositoryURL = "https://github.com/realm/SwiftLint";
			requirement = {
				kind = upToNextMajorVersion;
				minimumVersion = 0.56.1;
			};
		};
		54FC8AAB2C62E7C40025A13B /* XCRemoteSwiftPackageReference "realm-swift" */ = {
			isa = XCRemoteSwiftPackageReference;
			repositoryURL = "https://github.com/realm/realm-swift.git";
			requirement = {
				branch = master;
				kind = branch;
			};
		};
		54FC8AB02C62E8030025A13B /* XCRemoteSwiftPackageReference "Toast-Swift" */ = {
			isa = XCRemoteSwiftPackageReference;
			repositoryURL = "https://github.com/scalessec/Toast-Swift";
			requirement = {
				kind = upToNextMajorVersion;
				minimumVersion = 5.1.1;
			};
		};
		54FC8AB42C62E8BD0025A13B /* XCRemoteSwiftPackageReference "BottomSheet" */ = {
			isa = XCRemoteSwiftPackageReference;
			repositoryURL = "https://github.com/joomcode/BottomSheet";
			requirement = {
				kind = upToNextMajorVersion;
				minimumVersion = 2.0.5;
			};
		};
/* End XCRemoteSwiftPackageReference section */

/* Begin XCSwiftPackageProductDependency section */
		54FC8A9C2C62E6700025A13B /* Alamofire */ = {
			isa = XCSwiftPackageProductDependency;
			package = 54FC8A9B2C62E6700025A13B /* XCRemoteSwiftPackageReference "Alamofire" */;
			productName = Alamofire;
		};
		54FC8AA12C62E6DD0025A13B /* Swinject */ = {
			isa = XCSwiftPackageProductDependency;
			package = 54FC8AA02C62E6DD0025A13B /* XCRemoteSwiftPackageReference "Swinject" */;
			productName = Swinject;
		};
		54FC8AA62C62E7240025A13B /* Kingfisher */ = {
			isa = XCSwiftPackageProductDependency;
			package = 54FC8AA52C62E7240025A13B /* XCRemoteSwiftPackageReference "Kingfisher" */;
			productName = Kingfisher;
		};
		54FC8AAC2C62E7C40025A13B /* Realm */ = {
			isa = XCSwiftPackageProductDependency;
			package = 54FC8AAB2C62E7C40025A13B /* XCRemoteSwiftPackageReference "realm-swift" */;
			productName = Realm;
		};
		54FC8AB12C62E8030025A13B /* Toast */ = {
			isa = XCSwiftPackageProductDependency;
			package = 54FC8AB02C62E8030025A13B /* XCRemoteSwiftPackageReference "Toast-Swift" */;
			productName = Toast;
		};
		54FC8AB52C62E8BD0025A13B /* BottomSheet */ = {
			isa = XCSwiftPackageProductDependency;
			package = 54FC8AB42C62E8BD0025A13B /* XCRemoteSwiftPackageReference "BottomSheet" */;
			productName = BottomSheet;
		};
/* End XCSwiftPackageProductDependency section */
	};
	rootObject = 54FC8A522C62D8E20025A13B /* Project object */;
}
