// !$*UTF8*$!
{
	archiveVersion = 1;
	classes = {
	};
	objectVersion = 56;
	objects = {

/* Begin PBXBuildFile section */
		54A255D52C84097A001738CC /* NetworkManager.swift in Sources */ = {isa = PBXBuildFile; fileRef = 54A255D42C84097A001738CC /* NetworkManager.swift */; };
		54A255D72C840AD8001738CC /* NetworkConfig.swift in Sources */ = {isa = PBXBuildFile; fileRef = 54A255D62C840AD8001738CC /* NetworkConfig.swift */; };
		54A255D92C840B2C001738CC /* NetworkPath.swift in Sources */ = {isa = PBXBuildFile; fileRef = 54A255D82C840B2C001738CC /* NetworkPath.swift */; };
		54A255DB2C840BDC001738CC /* NetworkMethod.swift in Sources */ = {isa = PBXBuildFile; fileRef = 54A255DA2C840BDC001738CC /* NetworkMethod.swift */; };
		54A255DD2C840E1D001738CC /* NetworkError.swift in Sources */ = {isa = PBXBuildFile; fileRef = 54A255DC2C840E1D001738CC /* NetworkError.swift */; };
		54A255DF2C840EF4001738CC /* NetworkManagerProtocol.swift in Sources */ = {isa = PBXBuildFile; fileRef = 54A255DE2C840EF4001738CC /* NetworkManagerProtocol.swift */; };
		54A255E72C841014001738CC /* ozPodcastAppTests.swift in Sources */ = {isa = PBXBuildFile; fileRef = 54A255E62C841014001738CC /* ozPodcastAppTests.swift */; };
		54A255F12C841065001738CC /* NetworkManagerDemoTests.swift in Sources */ = {isa = PBXBuildFile; fileRef = 54A255F02C841065001738CC /* NetworkManagerDemoTests.swift */; };
		54AD9EED2CAF6C15009E39B7 /* AppContainer.swift in Sources */ = {isa = PBXBuildFile; fileRef = 54AD9EEC2CAF6C15009E39B7 /* AppContainer.swift */; };
		54AD9EF02CAF6DF6009E39B7 /* DataPubliser.swift in Sources */ = {isa = PBXBuildFile; fileRef = 54AD9EEF2CAF6DF6009E39B7 /* DataPubliser.swift */; };
		54D8B0702C6D792500749F67 /* BaseView.swift in Sources */ = {isa = PBXBuildFile; fileRef = 54D8B06F2C6D792500749F67 /* BaseView.swift */; };
		54D8B0732C6D7A9A00749F67 /* RealmSwift in Frameworks */ = {isa = PBXBuildFile; productRef = 54D8B0722C6D7A9A00749F67 /* RealmSwift */; };
		54DDEBB22C8A73C200345146 /* LocalDatabse.swift in Sources */ = {isa = PBXBuildFile; fileRef = 54DDEBB12C8A73C200345146 /* LocalDatabse.swift */; };
		54DDEBB42C8A751900345146 /* RealmDatabase.swift in Sources */ = {isa = PBXBuildFile; fileRef = 54DDEBB32C8A751900345146 /* RealmDatabase.swift */; };
		54DDEBB62C8A7B6400345146 /* RealmDatabaseTests.swift in Sources */ = {isa = PBXBuildFile; fileRef = 54DDEBB52C8A7B6400345146 /* RealmDatabaseTests.swift */; };
		54DDEBB92C8A7E5400345146 /* RealmSwift in Frameworks */ = {isa = PBXBuildFile; productRef = 54DDEBB82C8A7E5400345146 /* RealmSwift */; };
		54DDEBBA2C8A7E5400345146 /* RealmSwift in Embed Frameworks */ = {isa = PBXBuildFile; productRef = 54DDEBB82C8A7E5400345146 /* RealmSwift */; settings = {ATTRIBUTES = (CodeSignOnCopy, ); }; };
		54E09D662C75656E00AD17FC /* AppTheme.swift in Sources */ = {isa = PBXBuildFile; fileRef = 54E09D652C75656E00AD17FC /* AppTheme.swift */; };
		54E09D692C7565AD00AD17FC /* ThemeColor.swift in Sources */ = {isa = PBXBuildFile; fileRef = 54E09D682C7565AD00AD17FC /* ThemeColor.swift */; };
		54E09D6B2C75662000AD17FC /* ThemeFont.swift in Sources */ = {isa = PBXBuildFile; fileRef = 54E09D6A2C75662000AD17FC /* ThemeFont.swift */; };
		54E09D6D2C7566CD00AD17FC /* TextFieldTheme.swift in Sources */ = {isa = PBXBuildFile; fileRef = 54E09D6C2C7566CD00AD17FC /* TextFieldTheme.swift */; };
		54E09D6F2C75671300AD17FC /* ButtonTheme.swift in Sources */ = {isa = PBXBuildFile; fileRef = 54E09D6E2C75671300AD17FC /* ButtonTheme.swift */; };
		54E09D792C75686100AD17FC /* Montserrat-ExtraBold.ttf in Resources */ = {isa = PBXBuildFile; fileRef = 54E09D702C75686100AD17FC /* Montserrat-ExtraBold.ttf */; };
		54E09D7A2C75686100AD17FC /* Montserrat-Thin.ttf in Resources */ = {isa = PBXBuildFile; fileRef = 54E09D712C75686100AD17FC /* Montserrat-Thin.ttf */; };
		54E09D7B2C75686100AD17FC /* Montserrat-ExtraLight.ttf in Resources */ = {isa = PBXBuildFile; fileRef = 54E09D722C75686100AD17FC /* Montserrat-ExtraLight.ttf */; };
		54E09D7C2C75686100AD17FC /* Montserrat-Bold.ttf in Resources */ = {isa = PBXBuildFile; fileRef = 54E09D732C75686100AD17FC /* Montserrat-Bold.ttf */; };
		54E09D7D2C75686100AD17FC /* Montserrat-Regular.ttf in Resources */ = {isa = PBXBuildFile; fileRef = 54E09D742C75686100AD17FC /* Montserrat-Regular.ttf */; };
		54E09D7E2C75686100AD17FC /* Montserrat-SemiBold.ttf in Resources */ = {isa = PBXBuildFile; fileRef = 54E09D752C75686100AD17FC /* Montserrat-SemiBold.ttf */; };
		54E09D7F2C75686100AD17FC /* Montserrat-Medium.ttf in Resources */ = {isa = PBXBuildFile; fileRef = 54E09D762C75686100AD17FC /* Montserrat-Medium.ttf */; };
		54E09D802C75686100AD17FC /* Montserrat-Light.ttf in Resources */ = {isa = PBXBuildFile; fileRef = 54E09D772C75686100AD17FC /* Montserrat-Light.ttf */; };
		54E09D812C75686100AD17FC /* Montserrat-Black.ttf in Resources */ = {isa = PBXBuildFile; fileRef = 54E09D782C75686100AD17FC /* Montserrat-Black.ttf */; };
		54E09D832C756B0A00AD17FC /* ThemeManager.swift in Sources */ = {isa = PBXBuildFile; fileRef = 54E09D822C756B0A00AD17FC /* ThemeManager.swift */; };
		54E09D852C756BF300AD17FC /* Localizable.xcstrings in Resources */ = {isa = PBXBuildFile; fileRef = 54E09D842C756BF300AD17FC /* Localizable.xcstrings */; };
		54E09D872C756CB300AD17FC /* LocaleKeys.swift in Sources */ = {isa = PBXBuildFile; fileRef = 54E09D862C756CB300AD17FC /* LocaleKeys.swift */; };
		54EB8D842C6C28780049AEC6 /* HomeContract.swift in Sources */ = {isa = PBXBuildFile; fileRef = 54EB8D7E2C6C28780049AEC6 /* HomeContract.swift */; };
		54EB8D852C6C28780049AEC6 /* HomePresenter.swift in Sources */ = {isa = PBXBuildFile; fileRef = 54EB8D7F2C6C28780049AEC6 /* HomePresenter.swift */; };
		54EB8D862C6C28780049AEC6 /* HomeRouter.swift in Sources */ = {isa = PBXBuildFile; fileRef = 54EB8D802C6C28780049AEC6 /* HomeRouter.swift */; };
		54EB8D872C6C28780049AEC6 /* HomeViewController.swift in Sources */ = {isa = PBXBuildFile; fileRef = 54EB8D812C6C28780049AEC6 /* HomeViewController.swift */; };
		54EB8D882C6C28780049AEC6 /* HomeInteractor.swift in Sources */ = {isa = PBXBuildFile; fileRef = 54EB8D822C6C28780049AEC6 /* HomeInteractor.swift */; };
		54EB8D892C6C28780049AEC6 /* HomeView.swift in Sources */ = {isa = PBXBuildFile; fileRef = 54EB8D832C6C28780049AEC6 /* HomeView.swift */; };
		54EB8D8E2C6C28CD0049AEC6 /* NavigationViewProtocol.swift in Sources */ = {isa = PBXBuildFile; fileRef = 54EB8D8D2C6C28CD0049AEC6 /* NavigationViewProtocol.swift */; };
		54EB8D912C6C29430049AEC6 /* SnapKit in Frameworks */ = {isa = PBXBuildFile; productRef = 54EB8D902C6C29430049AEC6 /* SnapKit */; };
		54FC8A5E2C62D8E20025A13B /* AppDelegate.swift in Sources */ = {isa = PBXBuildFile; fileRef = 54FC8A5D2C62D8E20025A13B /* AppDelegate.swift */; };
		54FC8A602C62D8E20025A13B /* SceneDelegate.swift in Sources */ = {isa = PBXBuildFile; fileRef = 54FC8A5F2C62D8E20025A13B /* SceneDelegate.swift */; };
		54FC8A672C62D8E30025A13B /* Assets.xcassets in Resources */ = {isa = PBXBuildFile; fileRef = 54FC8A662C62D8E30025A13B /* Assets.xcassets */; };
		54FC8A6A2C62D8E30025A13B /* Base in Resources */ = {isa = PBXBuildFile; fileRef = 54FC8A692C62D8E30025A13B /* Base */; };
		54FC8A9D2C62E6700025A13B /* Alamofire in Frameworks */ = {isa = PBXBuildFile; productRef = 54FC8A9C2C62E6700025A13B /* Alamofire */; };
		54FC8AA22C62E6DD0025A13B /* Swinject in Frameworks */ = {isa = PBXBuildFile; productRef = 54FC8AA12C62E6DD0025A13B /* Swinject */; };
		54FC8AA72C62E7240025A13B /* Kingfisher in Frameworks */ = {isa = PBXBuildFile; productRef = 54FC8AA62C62E7240025A13B /* Kingfisher */; };
		54FC8AB22C62E8030025A13B /* Toast in Frameworks */ = {isa = PBXBuildFile; productRef = 54FC8AB12C62E8030025A13B /* Toast */; };
		54FC8AB62C62E8BD0025A13B /* BottomSheet in Frameworks */ = {isa = PBXBuildFile; productRef = 54FC8AB52C62E8BD0025A13B /* BottomSheet */; };
/* End PBXBuildFile section */

/* Begin PBXContainerItemProxy section */
		54A255E82C841014001738CC /* PBXContainerItemProxy */ = {
			isa = PBXContainerItemProxy;
			containerPortal = 54FC8A522C62D8E20025A13B /* Project object */;
			proxyType = 1;
			remoteGlobalIDString = 54FC8A592C62D8E20025A13B;
			remoteInfo = ozPodcastApp;
		};
/* End PBXContainerItemProxy section */

/* Begin PBXCopyFilesBuildPhase section */
		54D8B0752C6D7A9A00749F67 /* Embed Frameworks */ = {
			isa = PBXCopyFilesBuildPhase;
			buildActionMask = 2147483647;
			dstPath = "";
			dstSubfolderSpec = 10;
			files = (
			);
			name = "Embed Frameworks";
			runOnlyForDeploymentPostprocessing = 0;
		};
		54DDEBBB2C8A7E5400345146 /* Embed Frameworks */ = {
			isa = PBXCopyFilesBuildPhase;
			buildActionMask = 2147483647;
			dstPath = "";
			dstSubfolderSpec = 10;
			files = (
				54DDEBBA2C8A7E5400345146 /* RealmSwift in Embed Frameworks */,
			);
			name = "Embed Frameworks";
			runOnlyForDeploymentPostprocessing = 0;
		};
/* End PBXCopyFilesBuildPhase section */

/* Begin PBXFileReference section */
		54A255D42C84097A001738CC /* NetworkManager.swift */ = {isa = PBXFileReference; lastKnownFileType = sourcecode.swift; path = NetworkManager.swift; sourceTree = "<group>"; };
		54A255D62C840AD8001738CC /* NetworkConfig.swift */ = {isa = PBXFileReference; lastKnownFileType = sourcecode.swift; path = NetworkConfig.swift; sourceTree = "<group>"; };
		54A255D82C840B2C001738CC /* NetworkPath.swift */ = {isa = PBXFileReference; lastKnownFileType = sourcecode.swift; path = NetworkPath.swift; sourceTree = "<group>"; };
		54A255DA2C840BDC001738CC /* NetworkMethod.swift */ = {isa = PBXFileReference; lastKnownFileType = sourcecode.swift; path = NetworkMethod.swift; sourceTree = "<group>"; };
		54A255DC2C840E1D001738CC /* NetworkError.swift */ = {isa = PBXFileReference; lastKnownFileType = sourcecode.swift; path = NetworkError.swift; sourceTree = "<group>"; };
		54A255DE2C840EF4001738CC /* NetworkManagerProtocol.swift */ = {isa = PBXFileReference; lastKnownFileType = sourcecode.swift; path = NetworkManagerProtocol.swift; sourceTree = "<group>"; };
		54A255E42C841014001738CC /* ozPodcastAppTests.xctest */ = {isa = PBXFileReference; explicitFileType = wrapper.cfbundle; includeInIndex = 0; path = ozPodcastAppTests.xctest; sourceTree = BUILT_PRODUCTS_DIR; };
		54A255E62C841014001738CC /* ozPodcastAppTests.swift */ = {isa = PBXFileReference; lastKnownFileType = sourcecode.swift; path = ozPodcastAppTests.swift; sourceTree = "<group>"; };
		54A255F02C841065001738CC /* NetworkManagerDemoTests.swift */ = {isa = PBXFileReference; lastKnownFileType = sourcecode.swift; path = NetworkManagerDemoTests.swift; sourceTree = "<group>"; };
		54AD9EEC2CAF6C15009E39B7 /* AppContainer.swift */ = {isa = PBXFileReference; lastKnownFileType = sourcecode.swift; path = AppContainer.swift; sourceTree = "<group>"; };
		54AD9EEF2CAF6DF6009E39B7 /* DataPubliser.swift */ = {isa = PBXFileReference; lastKnownFileType = sourcecode.swift; path = DataPubliser.swift; sourceTree = "<group>"; };
		54D8B06F2C6D792500749F67 /* BaseView.swift */ = {isa = PBXFileReference; lastKnownFileType = sourcecode.swift; path = BaseView.swift; sourceTree = "<group>"; };
		54DDEBB12C8A73C200345146 /* LocalDatabse.swift */ = {isa = PBXFileReference; lastKnownFileType = sourcecode.swift; path = LocalDatabse.swift; sourceTree = "<group>"; };
		54DDEBB32C8A751900345146 /* RealmDatabase.swift */ = {isa = PBXFileReference; lastKnownFileType = sourcecode.swift; path = RealmDatabase.swift; sourceTree = "<group>"; };
		54DDEBB52C8A7B6400345146 /* RealmDatabaseTests.swift */ = {isa = PBXFileReference; lastKnownFileType = sourcecode.swift; path = RealmDatabaseTests.swift; sourceTree = "<group>"; };
		54E09D652C75656E00AD17FC /* AppTheme.swift */ = {isa = PBXFileReference; lastKnownFileType = sourcecode.swift; path = AppTheme.swift; sourceTree = "<group>"; };
		54E09D682C7565AD00AD17FC /* ThemeColor.swift */ = {isa = PBXFileReference; lastKnownFileType = sourcecode.swift; path = ThemeColor.swift; sourceTree = "<group>"; };
		54E09D6A2C75662000AD17FC /* ThemeFont.swift */ = {isa = PBXFileReference; lastKnownFileType = sourcecode.swift; path = ThemeFont.swift; sourceTree = "<group>"; };
		54E09D6C2C7566CD00AD17FC /* TextFieldTheme.swift */ = {isa = PBXFileReference; lastKnownFileType = sourcecode.swift; path = TextFieldTheme.swift; sourceTree = "<group>"; };
		54E09D6E2C75671300AD17FC /* ButtonTheme.swift */ = {isa = PBXFileReference; lastKnownFileType = sourcecode.swift; path = ButtonTheme.swift; sourceTree = "<group>"; };
		54E09D702C75686100AD17FC /* Montserrat-ExtraBold.ttf */ = {isa = PBXFileReference; lastKnownFileType = file; path = "Montserrat-ExtraBold.ttf"; sourceTree = "<group>"; };
		54E09D712C75686100AD17FC /* Montserrat-Thin.ttf */ = {isa = PBXFileReference; lastKnownFileType = file; path = "Montserrat-Thin.ttf"; sourceTree = "<group>"; };
		54E09D722C75686100AD17FC /* Montserrat-ExtraLight.ttf */ = {isa = PBXFileReference; lastKnownFileType = file; path = "Montserrat-ExtraLight.ttf"; sourceTree = "<group>"; };
		54E09D732C75686100AD17FC /* Montserrat-Bold.ttf */ = {isa = PBXFileReference; lastKnownFileType = file; path = "Montserrat-Bold.ttf"; sourceTree = "<group>"; };
		54E09D742C75686100AD17FC /* Montserrat-Regular.ttf */ = {isa = PBXFileReference; lastKnownFileType = file; path = "Montserrat-Regular.ttf"; sourceTree = "<group>"; };
		54E09D752C75686100AD17FC /* Montserrat-SemiBold.ttf */ = {isa = PBXFileReference; lastKnownFileType = file; path = "Montserrat-SemiBold.ttf"; sourceTree = "<group>"; };
		54E09D762C75686100AD17FC /* Montserrat-Medium.ttf */ = {isa = PBXFileReference; lastKnownFileType = file; path = "Montserrat-Medium.ttf"; sourceTree = "<group>"; };
		54E09D772C75686100AD17FC /* Montserrat-Light.ttf */ = {isa = PBXFileReference; lastKnownFileType = file; path = "Montserrat-Light.ttf"; sourceTree = "<group>"; };
		54E09D782C75686100AD17FC /* Montserrat-Black.ttf */ = {isa = PBXFileReference; lastKnownFileType = file; path = "Montserrat-Black.ttf"; sourceTree = "<group>"; };
		54E09D822C756B0A00AD17FC /* ThemeManager.swift */ = {isa = PBXFileReference; lastKnownFileType = sourcecode.swift; path = ThemeManager.swift; sourceTree = "<group>"; };
		54E09D842C756BF300AD17FC /* Localizable.xcstrings */ = {isa = PBXFileReference; lastKnownFileType = text.json.xcstrings; path = Localizable.xcstrings; sourceTree = "<group>"; };
		54E09D862C756CB300AD17FC /* LocaleKeys.swift */ = {isa = PBXFileReference; lastKnownFileType = sourcecode.swift; path = LocaleKeys.swift; sourceTree = "<group>"; };
		54EB8D7E2C6C28780049AEC6 /* HomeContract.swift */ = {isa = PBXFileReference; lastKnownFileType = sourcecode.swift; path = HomeContract.swift; sourceTree = "<group>"; };
		54EB8D7F2C6C28780049AEC6 /* HomePresenter.swift */ = {isa = PBXFileReference; lastKnownFileType = sourcecode.swift; path = HomePresenter.swift; sourceTree = "<group>"; };
		54EB8D802C6C28780049AEC6 /* HomeRouter.swift */ = {isa = PBXFileReference; lastKnownFileType = sourcecode.swift; path = HomeRouter.swift; sourceTree = "<group>"; };
		54EB8D812C6C28780049AEC6 /* HomeViewController.swift */ = {isa = PBXFileReference; lastKnownFileType = sourcecode.swift; path = HomeViewController.swift; sourceTree = "<group>"; };
		54EB8D822C6C28780049AEC6 /* HomeInteractor.swift */ = {isa = PBXFileReference; lastKnownFileType = sourcecode.swift; path = HomeInteractor.swift; sourceTree = "<group>"; };
		54EB8D832C6C28780049AEC6 /* HomeView.swift */ = {isa = PBXFileReference; lastKnownFileType = sourcecode.swift; path = HomeView.swift; sourceTree = "<group>"; };
		54EB8D8D2C6C28CD0049AEC6 /* NavigationViewProtocol.swift */ = {isa = PBXFileReference; lastKnownFileType = sourcecode.swift; path = NavigationViewProtocol.swift; sourceTree = "<group>"; };
		54FC8A5A2C62D8E20025A13B /* ozPodcastApp.app */ = {isa = PBXFileReference; explicitFileType = wrapper.application; includeInIndex = 0; path = ozPodcastApp.app; sourceTree = BUILT_PRODUCTS_DIR; };
		54FC8A5D2C62D8E20025A13B /* AppDelegate.swift */ = {isa = PBXFileReference; lastKnownFileType = sourcecode.swift; path = AppDelegate.swift; sourceTree = "<group>"; };
		54FC8A5F2C62D8E20025A13B /* SceneDelegate.swift */ = {isa = PBXFileReference; lastKnownFileType = sourcecode.swift; path = SceneDelegate.swift; sourceTree = "<group>"; };
		54FC8A662C62D8E30025A13B /* Assets.xcassets */ = {isa = PBXFileReference; lastKnownFileType = folder.assetcatalog; path = Assets.xcassets; sourceTree = "<group>"; };
		54FC8A692C62D8E30025A13B /* Base */ = {isa = PBXFileReference; lastKnownFileType = file.storyboard; name = Base; path = Base.lproj/LaunchScreen.storyboard; sourceTree = "<group>"; };
		54FC8A6B2C62D8E30025A13B /* Info.plist */ = {isa = PBXFileReference; lastKnownFileType = text.plist.xml; path = Info.plist; sourceTree = "<group>"; };
/* End PBXFileReference section */

/* Begin PBXFrameworksBuildPhase section */
		54A255E12C841014001738CC /* Frameworks */ = {
			isa = PBXFrameworksBuildPhase;
			buildActionMask = 2147483647;
			files = (
				54DDEBB92C8A7E5400345146 /* RealmSwift in Frameworks */,
			);
			runOnlyForDeploymentPostprocessing = 0;
		};
		54FC8A572C62D8E20025A13B /* Frameworks */ = {
			isa = PBXFrameworksBuildPhase;
			buildActionMask = 2147483647;
			files = (
				54FC8AA72C62E7240025A13B /* Kingfisher in Frameworks */,
				54FC8AB62C62E8BD0025A13B /* BottomSheet in Frameworks */,
				54D8B0732C6D7A9A00749F67 /* RealmSwift in Frameworks */,
				54FC8A9D2C62E6700025A13B /* Alamofire in Frameworks */,
				54EB8D912C6C29430049AEC6 /* SnapKit in Frameworks */,
				54FC8AB22C62E8030025A13B /* Toast in Frameworks */,
				54FC8AA22C62E6DD0025A13B /* Swinject in Frameworks */,
			);
			runOnlyForDeploymentPostprocessing = 0;
		};
/* End PBXFrameworksBuildPhase section */

/* Begin PBXGroup section */
		54A255D22C840844001738CC /* Manager */ = {
			isa = PBXGroup;
			children = (
				54A255D42C84097A001738CC /* NetworkManager.swift */,
				54A255DE2C840EF4001738CC /* NetworkManagerProtocol.swift */,
			);
			path = Manager;
			sourceTree = "<group>";
		};
		54A255D32C840853001738CC /* EndPoint */ = {
			isa = PBXGroup;
			children = (
				54A255D82C840B2C001738CC /* NetworkPath.swift */,
			);
			path = EndPoint;
			sourceTree = "<group>";
		};
		54A255E52C841014001738CC /* ozPodcastAppTests */ = {
			isa = PBXGroup;
			children = (
				54A255ED2C84101F001738CC /* Feature */,
				54A255E62C841014001738CC /* ozPodcastAppTests.swift */,
			);
			path = ozPodcastAppTests;
			sourceTree = "<group>";
		};
		54A255ED2C84101F001738CC /* Feature */ = {
			isa = PBXGroup;
			children = (
				54A255F02C841065001738CC /* NetworkManagerDemoTests.swift */,
				54DDEBB52C8A7B6400345146 /* RealmDatabaseTests.swift */,
			);
			path = Feature;
			sourceTree = "<group>";
		};
		54AD9EEB2CAF6C00009E39B7 /* Container */ = {
			isa = PBXGroup;
			children = (
				54AD9EEC2CAF6C15009E39B7 /* AppContainer.swift */,
			);
			path = Container;
			sourceTree = "<group>";
		};
		54AD9EEE2CAF6DD9009E39B7 /* SubFeatures */ = {
			isa = PBXGroup;
			children = (
				54AD9EEF2CAF6DF6009E39B7 /* DataPubliser.swift */,
			);
			path = SubFeatures;
			sourceTree = "<group>";
		};
		54D8B0712C6D7A9A00749F67 /* Frameworks */ = {
			isa = PBXGroup;
			children = (
			);
			name = Frameworks;
			sourceTree = "<group>";
		};
		54E09D642C75655C00AD17FC /* Theme */ = {
			isa = PBXGroup;
			children = (
				54E09D672C7565A400AD17FC /* Items */,
				54E09D652C75656E00AD17FC /* AppTheme.swift */,
				54E09D822C756B0A00AD17FC /* ThemeManager.swift */,
			);
			path = Theme;
			sourceTree = "<group>";
		};
		54E09D672C7565A400AD17FC /* Items */ = {
			isa = PBXGroup;
			children = (
				54E09D682C7565AD00AD17FC /* ThemeColor.swift */,
				54E09D6A2C75662000AD17FC /* ThemeFont.swift */,
				54E09D6C2C7566CD00AD17FC /* TextFieldTheme.swift */,
				54E09D6E2C75671300AD17FC /* ButtonTheme.swift */,
			);
			path = Items;
			sourceTree = "<group>";
		};
		54EB8D662C6C26A20049AEC6 /* Core */ = {
			isa = PBXGroup;
			children = (
				54AD9EEB2CAF6C00009E39B7 /* Container */,
				54EB8D8A2C6C28A00049AEC6 /* Base */,
				54EB8D6A2C6C26C40049AEC6 /* Constants */,
				54EB8D692C6C26BD0049AEC6 /* Protocols */,
				54EB8D682C6C26B60049AEC6 /* Extensions */,
				54EB8D672C6C26A80049AEC6 /* Utilities */,
			);
			path = Core;
			sourceTree = "<group>";
		};
		54EB8D672C6C26A80049AEC6 /* Utilities */ = {
			isa = PBXGroup;
			children = (
			);
			path = Utilities;
			sourceTree = "<group>";
		};
		54EB8D682C6C26B60049AEC6 /* Extensions */ = {
			isa = PBXGroup;
			children = (
			);
			path = Extensions;
			sourceTree = "<group>";
		};
		54EB8D692C6C26BD0049AEC6 /* Protocols */ = {
			isa = PBXGroup;
			children = (
				54EB8D8D2C6C28CD0049AEC6 /* NavigationViewProtocol.swift */,
			);
			path = Protocols;
			sourceTree = "<group>";
		};
		54EB8D6A2C6C26C40049AEC6 /* Constants */ = {
			isa = PBXGroup;
			children = (
				54D8B06F2C6D792500749F67 /* BaseView.swift */,
			);
			path = Constants;
			sourceTree = "<group>";
		};
		54EB8D6B2C6C26EE0049AEC6 /* Common */ = {
			isa = PBXGroup;
			children = (
				54EB8D6E2C6C27130049AEC6 /* Services */,
				54EB8D6D2C6C270E0049AEC6 /* Helpers */,
				54EB8D6C2C6C27010049AEC6 /* UIComponents */,
			);
			path = Common;
			sourceTree = "<group>";
		};
		54EB8D6C2C6C27010049AEC6 /* UIComponents */ = {
			isa = PBXGroup;
			children = (
			);
			path = UIComponents;
			sourceTree = "<group>";
		};
		54EB8D6D2C6C270E0049AEC6 /* Helpers */ = {
			isa = PBXGroup;
			children = (
				54E09D642C75655C00AD17FC /* Theme */,
			);
			path = Helpers;
			sourceTree = "<group>";
		};
		54EB8D6E2C6C27130049AEC6 /* Services */ = {
			isa = PBXGroup;
			children = (
			);
			path = Services;
			sourceTree = "<group>";
		};
		54EB8D6F2C6C27320049AEC6 /* Features */ = {
			isa = PBXGroup;
			children = (
				54AD9EEE2CAF6DD9009E39B7 /* SubFeatures */,
				54EB8D7D2C6C28690049AEC6 /* Home */,
			);
			path = Features;
			sourceTree = "<group>";
		};
		54EB8D702C6C27380049AEC6 /* Resources */ = {
			isa = PBXGroup;
			children = (
				54EB8D732C6C27490049AEC6 /* Localization */,
				54EB8D722C6C27430049AEC6 /* Assets */,
				54EB8D712C6C273F0049AEC6 /* Fonts */,
			);
			path = Resources;
			sourceTree = "<group>";
		};
		54EB8D712C6C273F0049AEC6 /* Fonts */ = {
			isa = PBXGroup;
			children = (
				54E09D782C75686100AD17FC /* Montserrat-Black.ttf */,
				54E09D732C75686100AD17FC /* Montserrat-Bold.ttf */,
				54E09D702C75686100AD17FC /* Montserrat-ExtraBold.ttf */,
				54E09D722C75686100AD17FC /* Montserrat-ExtraLight.ttf */,
				54E09D772C75686100AD17FC /* Montserrat-Light.ttf */,
				54E09D762C75686100AD17FC /* Montserrat-Medium.ttf */,
				54E09D742C75686100AD17FC /* Montserrat-Regular.ttf */,
				54E09D752C75686100AD17FC /* Montserrat-SemiBold.ttf */,
				54E09D712C75686100AD17FC /* Montserrat-Thin.ttf */,
			);
			path = Fonts;
			sourceTree = "<group>";
		};
		54EB8D722C6C27430049AEC6 /* Assets */ = {
			isa = PBXGroup;
			children = (
				54FC8A662C62D8E30025A13B /* Assets.xcassets */,
			);
			path = Assets;
			sourceTree = "<group>";
		};
		54EB8D732C6C27490049AEC6 /* Localization */ = {
			isa = PBXGroup;
			children = (
				54E09D842C756BF300AD17FC /* Localizable.xcstrings */,
				54E09D862C756CB300AD17FC /* LocaleKeys.swift */,
			);
			path = Localization;
			sourceTree = "<group>";
		};
		54EB8D742C6C27560049AEC6 /* Network */ = {
			isa = PBXGroup;
			children = (
				54A255D32C840853001738CC /* EndPoint */,
				54A255D22C840844001738CC /* Manager */,
				54EB8D772C6C276C0049AEC6 /* Models */,
			);
			path = Network;
			sourceTree = "<group>";
		};
		54EB8D772C6C276C0049AEC6 /* Models */ = {
			isa = PBXGroup;
			children = (
				54A255D62C840AD8001738CC /* NetworkConfig.swift */,
				54A255DA2C840BDC001738CC /* NetworkMethod.swift */,
				54A255DC2C840E1D001738CC /* NetworkError.swift */,
			);
			path = Models;
			sourceTree = "<group>";
		};
		54EB8D782C6C27790049AEC6 /* Stroage */ = {
			isa = PBXGroup;
			children = (
				54EB8D7B2C6C278E0049AEC6 /* UserDeafult */,
				54EB8D7A2C6C27860049AEC6 /* Realm */,
				54EB8D792C6C277F0049AEC6 /* Manager */,
			);
			path = Stroage;
			sourceTree = "<group>";
		};
		54EB8D792C6C277F0049AEC6 /* Manager */ = {
			isa = PBXGroup;
			children = (
				54DDEBB12C8A73C200345146 /* LocalDatabse.swift */,
			);
			path = Manager;
			sourceTree = "<group>";
		};
		54EB8D7A2C6C27860049AEC6 /* Realm */ = {
			isa = PBXGroup;
			children = (
				54DDEBB32C8A751900345146 /* RealmDatabase.swift */,
			);
			path = Realm;
			sourceTree = "<group>";
		};
		54EB8D7B2C6C278E0049AEC6 /* UserDeafult */ = {
			isa = PBXGroup;
			children = (
			);
			path = UserDeafult;
			sourceTree = "<group>";
		};
		54EB8D7C2C6C27A20049AEC6 /* Application */ = {
			isa = PBXGroup;
			children = (
				54FC8A6B2C62D8E30025A13B /* Info.plist */,
				54FC8A682C62D8E30025A13B /* LaunchScreen.storyboard */,
				54FC8A5F2C62D8E20025A13B /* SceneDelegate.swift */,
				54FC8A5D2C62D8E20025A13B /* AppDelegate.swift */,
			);
			path = Application;
			sourceTree = "<group>";
		};
		54EB8D7D2C6C28690049AEC6 /* Home */ = {
			isa = PBXGroup;
			children = (
				54EB8D7E2C6C28780049AEC6 /* HomeContract.swift */,
				54EB8D7F2C6C28780049AEC6 /* HomePresenter.swift */,
				54EB8D802C6C28780049AEC6 /* HomeRouter.swift */,
				54EB8D812C6C28780049AEC6 /* HomeViewController.swift */,
				54EB8D822C6C28780049AEC6 /* HomeInteractor.swift */,
				54EB8D832C6C28780049AEC6 /* HomeView.swift */,
			);
			path = Home;
			sourceTree = "<group>";
		};
		54EB8D8A2C6C28A00049AEC6 /* Base */ = {
			isa = PBXGroup;
			children = (
			);
			path = Base;
			sourceTree = "<group>";
		};
		54FC8A512C62D8E20025A13B = {
			isa = PBXGroup;
			children = (
				54FC8A5C2C62D8E20025A13B /* ozPodcastApp */,
				54A255E52C841014001738CC /* ozPodcastAppTests */,
				54FC8A5B2C62D8E20025A13B /* Products */,
				54D8B0712C6D7A9A00749F67 /* Frameworks */,
			);
			sourceTree = "<group>";
		};
		54FC8A5B2C62D8E20025A13B /* Products */ = {
			isa = PBXGroup;
			children = (
				54FC8A5A2C62D8E20025A13B /* ozPodcastApp.app */,
				54A255E42C841014001738CC /* ozPodcastAppTests.xctest */,
			);
			name = Products;
			sourceTree = "<group>";
		};
		54FC8A5C2C62D8E20025A13B /* ozPodcastApp */ = {
			isa = PBXGroup;
			children = (
				54EB8D662C6C26A20049AEC6 /* Core */,
				54EB8D7C2C6C27A20049AEC6 /* Application */,
				54EB8D782C6C27790049AEC6 /* Stroage */,
				54EB8D742C6C27560049AEC6 /* Network */,
				54EB8D702C6C27380049AEC6 /* Resources */,
				54EB8D6B2C6C26EE0049AEC6 /* Common */,
				54EB8D6F2C6C27320049AEC6 /* Features */,
			);
			path = ozPodcastApp;
			sourceTree = "<group>";
		};
/* End PBXGroup section */

/* Begin PBXNativeTarget section */
		54A255E32C841014001738CC /* ozPodcastAppTests */ = {
			isa = PBXNativeTarget;
			buildConfigurationList = 54A255EA2C841014001738CC /* Build configuration list for PBXNativeTarget "ozPodcastAppTests" */;
			buildPhases = (
				54A255E02C841014001738CC /* Sources */,
				54A255E12C841014001738CC /* Frameworks */,
				54A255E22C841014001738CC /* Resources */,
				54DDEBBB2C8A7E5400345146 /* Embed Frameworks */,
			);
			buildRules = (
			);
			dependencies = (
				54A255E92C841014001738CC /* PBXTargetDependency */,
			);
			name = ozPodcastAppTests;
			packageProductDependencies = (
				54DDEBB82C8A7E5400345146 /* RealmSwift */,
			);
			productName = ozPodcastAppTests;
			productReference = 54A255E42C841014001738CC /* ozPodcastAppTests.xctest */;
			productType = "com.apple.product-type.bundle.unit-test";
		};
		54FC8A592C62D8E20025A13B /* ozPodcastApp */ = {
			isa = PBXNativeTarget;
			buildConfigurationList = 54FC8A6E2C62D8E30025A13B /* Build configuration list for PBXNativeTarget "ozPodcastApp" */;
			buildPhases = (
				54FC8A562C62D8E20025A13B /* Sources */,
				54FC8A572C62D8E20025A13B /* Frameworks */,
				54FC8A582C62D8E20025A13B /* Resources */,
				54FC8AB32C62E8440025A13B /* Swiftlint */,
				54D8B0752C6D7A9A00749F67 /* Embed Frameworks */,
			);
			buildRules = (
			);
			dependencies = (
			);
			name = ozPodcastApp;
			packageProductDependencies = (
				54FC8A9C2C62E6700025A13B /* Alamofire */,
				54FC8AA12C62E6DD0025A13B /* Swinject */,
				54FC8AA62C62E7240025A13B /* Kingfisher */,
				54FC8AB12C62E8030025A13B /* Toast */,
				54FC8AB52C62E8BD0025A13B /* BottomSheet */,
				54EB8D902C6C29430049AEC6 /* SnapKit */,
				54D8B0722C6D7A9A00749F67 /* RealmSwift */,
			);
			productName = ozPodcastApp;
			productReference = 54FC8A5A2C62D8E20025A13B /* ozPodcastApp.app */;
			productType = "com.apple.product-type.application";
		};
/* End PBXNativeTarget section */

/* Begin PBXProject section */
		54FC8A522C62D8E20025A13B /* Project object */ = {
			isa = PBXProject;
			attributes = {
				BuildIndependentTargetsInParallel = 1;
				LastSwiftUpdateCheck = 1540;
				LastUpgradeCheck = 1540;
				TargetAttributes = {
					54A255E32C841014001738CC = {
						CreatedOnToolsVersion = 15.4;
						TestTargetID = 54FC8A592C62D8E20025A13B;
					};
					54FC8A592C62D8E20025A13B = {
						CreatedOnToolsVersion = 15.4;
					};
				};
			};
			buildConfigurationList = 54FC8A552C62D8E20025A13B /* Build configuration list for PBXProject "ozPodcastApp" */;
			compatibilityVersion = "Xcode 14.0";
			developmentRegion = en;
			hasScannedForEncodings = 0;
			knownRegions = (
				en,
				Base,
				tr,
			);
			mainGroup = 54FC8A512C62D8E20025A13B;
			packageReferences = (
				54FC8A9B2C62E6700025A13B /* XCRemoteSwiftPackageReference "Alamofire" */,
				54FC8AA02C62E6DD0025A13B /* XCRemoteSwiftPackageReference "Swinject" */,
				54FC8AA52C62E7240025A13B /* XCRemoteSwiftPackageReference "Kingfisher" */,
				54FC8AA82C62E73E0025A13B /* XCRemoteSwiftPackageReference "SwiftLint" */,
				54FC8AAB2C62E7C40025A13B /* XCRemoteSwiftPackageReference "realm-swift" */,
				54FC8AB02C62E8030025A13B /* XCRemoteSwiftPackageReference "Toast-Swift" */,
				54FC8AB42C62E8BD0025A13B /* XCRemoteSwiftPackageReference "BottomSheet" */,
				54EB8D8F2C6C29420049AEC6 /* XCRemoteSwiftPackageReference "SnapKit" */,
			);
			productRefGroup = 54FC8A5B2C62D8E20025A13B /* Products */;
			projectDirPath = "";
			projectRoot = "";
			targets = (
				54FC8A592C62D8E20025A13B /* ozPodcastApp */,
				54A255E32C841014001738CC /* ozPodcastAppTests */,
			);
		};
/* End PBXProject section */

/* Begin PBXResourcesBuildPhase section */
		54A255E22C841014001738CC /* Resources */ = {
			isa = PBXResourcesBuildPhase;
			buildActionMask = 2147483647;
			files = (
			);
			runOnlyForDeploymentPostprocessing = 0;
		};
		54FC8A582C62D8E20025A13B /* Resources */ = {
			isa = PBXResourcesBuildPhase;
			buildActionMask = 2147483647;
			files = (
				54E09D802C75686100AD17FC /* Montserrat-Light.ttf in Resources */,
				54FC8A672C62D8E30025A13B /* Assets.xcassets in Resources */,
				54E09D852C756BF300AD17FC /* Localizable.xcstrings in Resources */,
				54E09D792C75686100AD17FC /* Montserrat-ExtraBold.ttf in Resources */,
				54E09D7D2C75686100AD17FC /* Montserrat-Regular.ttf in Resources */,
				54E09D7C2C75686100AD17FC /* Montserrat-Bold.ttf in Resources */,
				54E09D7A2C75686100AD17FC /* Montserrat-Thin.ttf in Resources */,
				54FC8A6A2C62D8E30025A13B /* Base in Resources */,
				54E09D812C75686100AD17FC /* Montserrat-Black.ttf in Resources */,
				54E09D7E2C75686100AD17FC /* Montserrat-SemiBold.ttf in Resources */,
				54E09D7F2C75686100AD17FC /* Montserrat-Medium.ttf in Resources */,
				54E09D7B2C75686100AD17FC /* Montserrat-ExtraLight.ttf in Resources */,
			);
			runOnlyForDeploymentPostprocessing = 0;
		};
/* End PBXResourcesBuildPhase section */

/* Begin PBXShellScriptBuildPhase section */
		54FC8AB32C62E8440025A13B /* Swiftlint */ = {
			isa = PBXShellScriptBuildPhase;
			buildActionMask = 2147483647;
			files = (
			);
			inputFileListPaths = (
			);
			inputPaths = (
			);
			name = Swiftlint;
			outputFileListPaths = (
			);
			outputPaths = (
			);
			runOnlyForDeploymentPostprocessing = 0;
			shellPath = /bin/sh;
			shellScript = "export PATH=\"$PATH:/opt/homebrew/bin\"\n\nif which swiftlint > /dev/null; then\n  swiftlint\nelse\n  echo \"warning: SwiftLint not installed, download from https://github.com/realm/SwiftLint\"\nfi\n";
		};
/* End PBXShellScriptBuildPhase section */

/* Begin PBXSourcesBuildPhase section */
		54A255E02C841014001738CC /* Sources */ = {
			isa = PBXSourcesBuildPhase;
			buildActionMask = 2147483647;
			files = (
				54A255E72C841014001738CC /* ozPodcastAppTests.swift in Sources */,
				54A255F12C841065001738CC /* NetworkManagerDemoTests.swift in Sources */,
				54DDEBB62C8A7B6400345146 /* RealmDatabaseTests.swift in Sources */,
			);
			runOnlyForDeploymentPostprocessing = 0;
		};
		54FC8A562C62D8E20025A13B /* Sources */ = {
			isa = PBXSourcesBuildPhase;
			buildActionMask = 2147483647;
			files = (
				54DDEBB42C8A751900345146 /* RealmDatabase.swift in Sources */,
				54A255D52C84097A001738CC /* NetworkManager.swift in Sources */,
				54A255DB2C840BDC001738CC /* NetworkMethod.swift in Sources */,
				54FC8A5E2C62D8E20025A13B /* AppDelegate.swift in Sources */,
				54E09D872C756CB300AD17FC /* LocaleKeys.swift in Sources */,
				54E09D662C75656E00AD17FC /* AppTheme.swift in Sources */,
				54FC8A602C62D8E20025A13B /* SceneDelegate.swift in Sources */,
				54E09D6B2C75662000AD17FC /* ThemeFont.swift in Sources */,
				54EB8D8E2C6C28CD0049AEC6 /* NavigationViewProtocol.swift in Sources */,
				54E09D6F2C75671300AD17FC /* ButtonTheme.swift in Sources */,
				54A255DD2C840E1D001738CC /* NetworkError.swift in Sources */,
				54EB8D842C6C28780049AEC6 /* HomeContract.swift in Sources */,
				54E09D692C7565AD00AD17FC /* ThemeColor.swift in Sources */,
				54AD9EED2CAF6C15009E39B7 /* AppContainer.swift in Sources */,
				54DDEBB22C8A73C200345146 /* LocalDatabse.swift in Sources */,
				54A255DF2C840EF4001738CC /* NetworkManagerProtocol.swift in Sources */,
				54EB8D852C6C28780049AEC6 /* HomePresenter.swift in Sources */,
				54A255D92C840B2C001738CC /* NetworkPath.swift in Sources */,
				54EB8D862C6C28780049AEC6 /* HomeRouter.swift in Sources */,
				54EB8D872C6C28780049AEC6 /* HomeViewController.swift in Sources */,
				54A255D72C840AD8001738CC /* NetworkConfig.swift in Sources */,
				54E09D832C756B0A00AD17FC /* ThemeManager.swift in Sources */,
				54D8B0702C6D792500749F67 /* BaseView.swift in Sources */,
				54E09D6D2C7566CD00AD17FC /* TextFieldTheme.swift in Sources */,
				54EB8D882C6C28780049AEC6 /* HomeInteractor.swift in Sources */,
				54AD9EF02CAF6DF6009E39B7 /* DataPubliser.swift in Sources */,
				54EB8D892C6C28780049AEC6 /* HomeView.swift in Sources */,
			);
			runOnlyForDeploymentPostprocessing = 0;
		};
/* End PBXSourcesBuildPhase section */

/* Begin PBXTargetDependency section */
		54A255E92C841014001738CC /* PBXTargetDependency */ = {
			isa = PBXTargetDependency;
			target = 54FC8A592C62D8E20025A13B /* ozPodcastApp */;
			targetProxy = 54A255E82C841014001738CC /* PBXContainerItemProxy */;
		};
/* End PBXTargetDependency section */

/* Begin PBXVariantGroup section */
		54FC8A682C62D8E30025A13B /* LaunchScreen.storyboard */ = {
			isa = PBXVariantGroup;
			children = (
				54FC8A692C62D8E30025A13B /* Base */,
			);
			name = LaunchScreen.storyboard;
			sourceTree = "<group>";
		};
/* End PBXVariantGroup section */

/* Begin XCBuildConfiguration section */
		54A255EB2C841014001738CC /* Debug */ = {
			isa = XCBuildConfiguration;
			buildSettings = {
				BUNDLE_LOADER = "$(TEST_HOST)";
				CODE_SIGN_STYLE = Automatic;
				CURRENT_PROJECT_VERSION = 1;
				ENABLE_USER_SCRIPT_SANDBOXING = YES;
				GENERATE_INFOPLIST_FILE = YES;
				MARKETING_VERSION = 1.0;
				PRODUCT_BUNDLE_IDENTIFIER = com.vb10.ozPodcastAppTests;
				PRODUCT_NAME = "$(TARGET_NAME)";
				SWIFT_EMIT_LOC_STRINGS = NO;
				SWIFT_VERSION = 5.0;
				TARGETED_DEVICE_FAMILY = "1,2";
				TEST_HOST = "$(BUILT_PRODUCTS_DIR)/ozPodcastApp.app/$(BUNDLE_EXECUTABLE_FOLDER_PATH)/ozPodcastApp";
			};
			name = Debug;
		};
		54A255EC2C841014001738CC /* Release */ = {
			isa = XCBuildConfiguration;
			buildSettings = {
				BUNDLE_LOADER = "$(TEST_HOST)";
				CODE_SIGN_STYLE = Automatic;
				CURRENT_PROJECT_VERSION = 1;
				ENABLE_USER_SCRIPT_SANDBOXING = YES;
				GENERATE_INFOPLIST_FILE = YES;
				MARKETING_VERSION = 1.0;
				PRODUCT_BUNDLE_IDENTIFIER = com.vb10.ozPodcastAppTests;
				PRODUCT_NAME = "$(TARGET_NAME)";
				SWIFT_EMIT_LOC_STRINGS = NO;
				SWIFT_VERSION = 5.0;
				TARGETED_DEVICE_FAMILY = "1,2";
				TEST_HOST = "$(BUILT_PRODUCTS_DIR)/ozPodcastApp.app/$(BUNDLE_EXECUTABLE_FOLDER_PATH)/ozPodcastApp";
			};
			name = Release;
		};
		54FC8A6C2C62D8E30025A13B /* Debug */ = {
			isa = XCBuildConfiguration;
			buildSettings = {
				ALWAYS_SEARCH_USER_PATHS = NO;
				ASSETCATALOG_COMPILER_GENERATE_SWIFT_ASSET_SYMBOL_EXTENSIONS = YES;
				CLANG_ANALYZER_NONNULL = YES;
				CLANG_ANALYZER_NUMBER_OBJECT_CONVERSION = YES_AGGRESSIVE;
				CLANG_CXX_LANGUAGE_STANDARD = "gnu++20";
				CLANG_ENABLE_MODULES = YES;
				CLANG_ENABLE_OBJC_ARC = YES;
				CLANG_ENABLE_OBJC_WEAK = YES;
				CLANG_WARN_BLOCK_CAPTURE_AUTORELEASING = YES;
				CLANG_WARN_BOOL_CONVERSION = YES;
				CLANG_WARN_COMMA = YES;
				CLANG_WARN_CONSTANT_CONVERSION = YES;
				CLANG_WARN_DEPRECATED_OBJC_IMPLEMENTATIONS = YES;
				CLANG_WARN_DIRECT_OBJC_ISA_USAGE = YES_ERROR;
				CLANG_WARN_DOCUMENTATION_COMMENTS = YES;
				CLANG_WARN_EMPTY_BODY = YES;
				CLANG_WARN_ENUM_CONVERSION = YES;
				CLANG_WARN_INFINITE_RECURSION = YES;
				CLANG_WARN_INT_CONVERSION = YES;
				CLANG_WARN_NON_LITERAL_NULL_CONVERSION = YES;
				CLANG_WARN_OBJC_IMPLICIT_RETAIN_SELF = YES;
				CLANG_WARN_OBJC_LITERAL_CONVERSION = YES;
				CLANG_WARN_OBJC_ROOT_CLASS = YES_ERROR;
				CLANG_WARN_QUOTED_INCLUDE_IN_FRAMEWORK_HEADER = YES;
				CLANG_WARN_RANGE_LOOP_ANALYSIS = YES;
				CLANG_WARN_STRICT_PROTOTYPES = YES;
				CLANG_WARN_SUSPICIOUS_MOVE = YES;
				CLANG_WARN_UNGUARDED_AVAILABILITY = YES_AGGRESSIVE;
				CLANG_WARN_UNREACHABLE_CODE = YES;
				CLANG_WARN__DUPLICATE_METHOD_MATCH = YES;
				COPY_PHASE_STRIP = NO;
				DEBUG_INFORMATION_FORMAT = dwarf;
				ENABLE_STRICT_OBJC_MSGSEND = YES;
				ENABLE_TESTABILITY = YES;
				ENABLE_USER_SCRIPT_SANDBOXING = NO;
				GCC_C_LANGUAGE_STANDARD = gnu17;
				GCC_DYNAMIC_NO_PIC = NO;
				GCC_NO_COMMON_BLOCKS = YES;
				GCC_OPTIMIZATION_LEVEL = 0;
				GCC_PREPROCESSOR_DEFINITIONS = (
					"DEBUG=1",
					"$(inherited)",
				);
				GCC_WARN_64_TO_32_BIT_CONVERSION = YES;
				GCC_WARN_ABOUT_RETURN_TYPE = YES_ERROR;
				GCC_WARN_UNDECLARED_SELECTOR = YES;
				GCC_WARN_UNINITIALIZED_AUTOS = YES_AGGRESSIVE;
				GCC_WARN_UNUSED_FUNCTION = YES;
				GCC_WARN_UNUSED_VARIABLE = YES;
				IPHONEOS_DEPLOYMENT_TARGET = 17.5;
				LOCALIZATION_PREFERS_STRING_CATALOGS = YES;
				MTL_ENABLE_DEBUG_INFO = INCLUDE_SOURCE;
				MTL_FAST_MATH = YES;
				ONLY_ACTIVE_ARCH = YES;
				SDKROOT = iphoneos;
				SWIFT_ACTIVE_COMPILATION_CONDITIONS = "DEBUG $(inherited)";
				SWIFT_OPTIMIZATION_LEVEL = "-Onone";
			};
			name = Debug;
		};
		54FC8A6D2C62D8E30025A13B /* Release */ = {
			isa = XCBuildConfiguration;
			buildSettings = {
				ALWAYS_SEARCH_USER_PATHS = NO;
				ASSETCATALOG_COMPILER_GENERATE_SWIFT_ASSET_SYMBOL_EXTENSIONS = YES;
				CLANG_ANALYZER_NONNULL = YES;
				CLANG_ANALYZER_NUMBER_OBJECT_CONVERSION = YES_AGGRESSIVE;
				CLANG_CXX_LANGUAGE_STANDARD = "gnu++20";
				CLANG_ENABLE_MODULES = YES;
				CLANG_ENABLE_OBJC_ARC = YES;
				CLANG_ENABLE_OBJC_WEAK = YES;
				CLANG_WARN_BLOCK_CAPTURE_AUTORELEASING = YES;
				CLANG_WARN_BOOL_CONVERSION = YES;
				CLANG_WARN_COMMA = YES;
				CLANG_WARN_CONSTANT_CONVERSION = YES;
				CLANG_WARN_DEPRECATED_OBJC_IMPLEMENTATIONS = YES;
				CLANG_WARN_DIRECT_OBJC_ISA_USAGE = YES_ERROR;
				CLANG_WARN_DOCUMENTATION_COMMENTS = YES;
				CLANG_WARN_EMPTY_BODY = YES;
				CLANG_WARN_ENUM_CONVERSION = YES;
				CLANG_WARN_INFINITE_RECURSION = YES;
				CLANG_WARN_INT_CONVERSION = YES;
				CLANG_WARN_NON_LITERAL_NULL_CONVERSION = YES;
				CLANG_WARN_OBJC_IMPLICIT_RETAIN_SELF = YES;
				CLANG_WARN_OBJC_LITERAL_CONVERSION = YES;
				CLANG_WARN_OBJC_ROOT_CLASS = YES_ERROR;
				CLANG_WARN_QUOTED_INCLUDE_IN_FRAMEWORK_HEADER = YES;
				CLANG_WARN_RANGE_LOOP_ANALYSIS = YES;
				CLANG_WARN_STRICT_PROTOTYPES = YES;
				CLANG_WARN_SUSPICIOUS_MOVE = YES;
				CLANG_WARN_UNGUARDED_AVAILABILITY = YES_AGGRESSIVE;
				CLANG_WARN_UNREACHABLE_CODE = YES;
				CLANG_WARN__DUPLICATE_METHOD_MATCH = YES;
				COPY_PHASE_STRIP = NO;
				DEBUG_INFORMATION_FORMAT = "dwarf-with-dsym";
				ENABLE_NS_ASSERTIONS = NO;
				ENABLE_STRICT_OBJC_MSGSEND = YES;
				ENABLE_USER_SCRIPT_SANDBOXING = NO;
				GCC_C_LANGUAGE_STANDARD = gnu17;
				GCC_NO_COMMON_BLOCKS = YES;
				GCC_WARN_64_TO_32_BIT_CONVERSION = YES;
				GCC_WARN_ABOUT_RETURN_TYPE = YES_ERROR;
				GCC_WARN_UNDECLARED_SELECTOR = YES;
				GCC_WARN_UNINITIALIZED_AUTOS = YES_AGGRESSIVE;
				GCC_WARN_UNUSED_FUNCTION = YES;
				GCC_WARN_UNUSED_VARIABLE = YES;
				IPHONEOS_DEPLOYMENT_TARGET = 17.5;
				LOCALIZATION_PREFERS_STRING_CATALOGS = YES;
				MTL_ENABLE_DEBUG_INFO = NO;
				MTL_FAST_MATH = YES;
				SDKROOT = iphoneos;
				SWIFT_COMPILATION_MODE = wholemodule;
				VALIDATE_PRODUCT = YES;
			};
			name = Release;
		};
		54FC8A6F2C62D8E30025A13B /* Debug */ = {
			isa = XCBuildConfiguration;
			buildSettings = {
				ASSETCATALOG_COMPILER_APPICON_NAME = AppIcon;
				ASSETCATALOG_COMPILER_GLOBAL_ACCENT_COLOR_NAME = AccentColor;
				CODE_SIGN_STYLE = Automatic;
				CURRENT_PROJECT_VERSION = 1;
				GENERATE_INFOPLIST_FILE = YES;
				INFOPLIST_FILE = ozPodcastApp/Application/Info.plist;
				INFOPLIST_KEY_UIApplicationSupportsIndirectInputEvents = YES;
				INFOPLIST_KEY_UILaunchStoryboardName = LaunchScreen;
				INFOPLIST_KEY_UISupportedInterfaceOrientations_iPad = "UIInterfaceOrientationPortrait UIInterfaceOrientationPortraitUpsideDown UIInterfaceOrientationLandscapeLeft UIInterfaceOrientationLandscapeRight";
				INFOPLIST_KEY_UISupportedInterfaceOrientations_iPhone = "UIInterfaceOrientationPortrait UIInterfaceOrientationLandscapeLeft UIInterfaceOrientationLandscapeRight";
				LD_RUNPATH_SEARCH_PATHS = (
					"$(inherited)",
					"@executable_path/Frameworks",
				);
				MARKETING_VERSION = 1.0;
				PRODUCT_BUNDLE_IDENTIFIER = com.vb10.ozPodcastApp;
				PRODUCT_NAME = "$(TARGET_NAME)";
				SWIFT_EMIT_LOC_STRINGS = YES;
				SWIFT_VERSION = 5.0;
				TARGETED_DEVICE_FAMILY = "1,2";
			};
			name = Debug;
		};
		54FC8A702C62D8E30025A13B /* Release */ = {
			isa = XCBuildConfiguration;
			buildSettings = {
				ASSETCATALOG_COMPILER_APPICON_NAME = AppIcon;
				ASSETCATALOG_COMPILER_GLOBAL_ACCENT_COLOR_NAME = AccentColor;
				CODE_SIGN_STYLE = Automatic;
				CURRENT_PROJECT_VERSION = 1;
				GENERATE_INFOPLIST_FILE = YES;
				INFOPLIST_FILE = ozPodcastApp/Application/Info.plist;
				INFOPLIST_KEY_UIApplicationSupportsIndirectInputEvents = YES;
				INFOPLIST_KEY_UILaunchStoryboardName = LaunchScreen;
				INFOPLIST_KEY_UISupportedInterfaceOrientations_iPad = "UIInterfaceOrientationPortrait UIInterfaceOrientationPortraitUpsideDown UIInterfaceOrientationLandscapeLeft UIInterfaceOrientationLandscapeRight";
				INFOPLIST_KEY_UISupportedInterfaceOrientations_iPhone = "UIInterfaceOrientationPortrait UIInterfaceOrientationLandscapeLeft UIInterfaceOrientationLandscapeRight";
				LD_RUNPATH_SEARCH_PATHS = (
					"$(inherited)",
					"@executable_path/Frameworks",
				);
				MARKETING_VERSION = 1.0;
				PRODUCT_BUNDLE_IDENTIFIER = com.vb10.ozPodcastApp;
				PRODUCT_NAME = "$(TARGET_NAME)";
				SWIFT_EMIT_LOC_STRINGS = YES;
				SWIFT_VERSION = 5.0;
				TARGETED_DEVICE_FAMILY = "1,2";
			};
			name = Release;
		};
/* End XCBuildConfiguration section */

/* Begin XCConfigurationList section */
		54A255EA2C841014001738CC /* Build configuration list for PBXNativeTarget "ozPodcastAppTests" */ = {
			isa = XCConfigurationList;
			buildConfigurations = (
				54A255EB2C841014001738CC /* Debug */,
				54A255EC2C841014001738CC /* Release */,
			);
			defaultConfigurationIsVisible = 0;
			defaultConfigurationName = Release;
		};
		54FC8A552C62D8E20025A13B /* Build configuration list for PBXProject "ozPodcastApp" */ = {
			isa = XCConfigurationList;
			buildConfigurations = (
				54FC8A6C2C62D8E30025A13B /* Debug */,
				54FC8A6D2C62D8E30025A13B /* Release */,
			);
			defaultConfigurationIsVisible = 0;
			defaultConfigurationName = Release;
		};
		54FC8A6E2C62D8E30025A13B /* Build configuration list for PBXNativeTarget "ozPodcastApp" */ = {
			isa = XCConfigurationList;
			buildConfigurations = (
				54FC8A6F2C62D8E30025A13B /* Debug */,
				54FC8A702C62D8E30025A13B /* Release */,
			);
			defaultConfigurationIsVisible = 0;
			defaultConfigurationName = Release;
		};
/* End XCConfigurationList section */

/* Begin XCRemoteSwiftPackageReference section */
		54EB8D8F2C6C29420049AEC6 /* XCRemoteSwiftPackageReference "SnapKit" */ = {
			isa = XCRemoteSwiftPackageReference;
			repositoryURL = "https://github.com/SnapKit/SnapKit.git";
			requirement = {
				kind = upToNextMajorVersion;
				minimumVersion = 5.7.1;
			};
		};
		54FC8A9B2C62E6700025A13B /* XCRemoteSwiftPackageReference "Alamofire" */ = {
			isa = XCRemoteSwiftPackageReference;
			repositoryURL = "https://github.com/Alamofire/Alamofire.git";
			requirement = {
				kind = upToNextMajorVersion;
				minimumVersion = 5.9.1;
			};
		};
		54FC8AA02C62E6DD0025A13B /* XCRemoteSwiftPackageReference "Swinject" */ = {
			isa = XCRemoteSwiftPackageReference;
			repositoryURL = "https://github.com/Swinject/Swinject.git";
			requirement = {
				kind = upToNextMajorVersion;
				minimumVersion = 2.9.1;
			};
		};
		54FC8AA52C62E7240025A13B /* XCRemoteSwiftPackageReference "Kingfisher" */ = {
			isa = XCRemoteSwiftPackageReference;
			repositoryURL = "https://github.com/onevcat/Kingfisher";
			requirement = {
				kind = upToNextMajorVersion;
				minimumVersion = 7.12.0;
			};
		};
		54FC8AA82C62E73E0025A13B /* XCRemoteSwiftPackageReference "SwiftLint" */ = {
			isa = XCRemoteSwiftPackageReference;
			repositoryURL = "https://github.com/realm/SwiftLint";
			requirement = {
				kind = upToNextMajorVersion;
				minimumVersion = 0.56.1;
			};
		};
		54FC8AAB2C62E7C40025A13B /* XCRemoteSwiftPackageReference "realm-swift" */ = {
			isa = XCRemoteSwiftPackageReference;
			repositoryURL = "https://github.com/realm/realm-swift.git";
			requirement = {
				branch = master;
				kind = branch;
			};
		};
		54FC8AB02C62E8030025A13B /* XCRemoteSwiftPackageReference "Toast-Swift" */ = {
			isa = XCRemoteSwiftPackageReference;
			repositoryURL = "https://github.com/scalessec/Toast-Swift";
			requirement = {
				kind = upToNextMajorVersion;
				minimumVersion = 5.1.1;
			};
		};
		54FC8AB42C62E8BD0025A13B /* XCRemoteSwiftPackageReference "BottomSheet" */ = {
			isa = XCRemoteSwiftPackageReference;
			repositoryURL = "https://github.com/joomcode/BottomSheet";
			requirement = {
				kind = upToNextMajorVersion;
				minimumVersion = 2.0.5;
			};
		};
/* End XCRemoteSwiftPackageReference section */

/* Begin XCSwiftPackageProductDependency section */
		54D8B0722C6D7A9A00749F67 /* RealmSwift */ = {
			isa = XCSwiftPackageProductDependency;
			package = 54FC8AAB2C62E7C40025A13B /* XCRemoteSwiftPackageReference "realm-swift" */;
			productName = RealmSwift;
		};
		54DDEBB82C8A7E5400345146 /* RealmSwift */ = {
			isa = XCSwiftPackageProductDependency;
			package = 54FC8AAB2C62E7C40025A13B /* XCRemoteSwiftPackageReference "realm-swift" */;
			productName = RealmSwift;
		};
		54EB8D902C6C29430049AEC6 /* SnapKit */ = {
			isa = XCSwiftPackageProductDependency;
			package = 54EB8D8F2C6C29420049AEC6 /* XCRemoteSwiftPackageReference "SnapKit" */;
			productName = SnapKit;
		};
		54FC8A9C2C62E6700025A13B /* Alamofire */ = {
			isa = XCSwiftPackageProductDependency;
			package = 54FC8A9B2C62E6700025A13B /* XCRemoteSwiftPackageReference "Alamofire" */;
			productName = Alamofire;
		};
		54FC8AA12C62E6DD0025A13B /* Swinject */ = {
			isa = XCSwiftPackageProductDependency;
			package = 54FC8AA02C62E6DD0025A13B /* XCRemoteSwiftPackageReference "Swinject" */;
			productName = Swinject;
		};
		54FC8AA62C62E7240025A13B /* Kingfisher */ = {
			isa = XCSwiftPackageProductDependency;
			package = 54FC8AA52C62E7240025A13B /* XCRemoteSwiftPackageReference "Kingfisher" */;
			productName = Kingfisher;
		};
		54FC8AB12C62E8030025A13B /* Toast */ = {
			isa = XCSwiftPackageProductDependency;
			package = 54FC8AB02C62E8030025A13B /* XCRemoteSwiftPackageReference "Toast-Swift" */;
			productName = Toast;
		};
		54FC8AB52C62E8BD0025A13B /* BottomSheet */ = {
			isa = XCSwiftPackageProductDependency;
			package = 54FC8AB42C62E8BD0025A13B /* XCRemoteSwiftPackageReference "BottomSheet" */;
			productName = BottomSheet;
		};
/* End XCSwiftPackageProductDependency section */
	};
	rootObject = 54FC8A522C62D8E20025A13B /* Project object */;
}
