// !$*UTF8*$!
{
	archiveVersion = 1;
	classes = {
	};
	objectVersion = 56;
	objects = {

/* Begin PBXBuildFile section */
		54FC8A5E2C62D8E20025A13B /* AppDelegate.swift in Sources */ = {isa = PBXBuildFile; fileRef = 54FC8A5D2C62D8E20025A13B /* AppDelegate.swift */; };
		54FC8A602C62D8E20025A13B /* SceneDelegate.swift in Sources */ = {isa = PBXBuildFile; fileRef = 54FC8A5F2C62D8E20025A13B /* SceneDelegate.swift */; };
		54FC8A622C62D8E20025A13B /* ViewController.swift in Sources */ = {isa = PBXBuildFile; fileRef = 54FC8A612C62D8E20025A13B /* ViewController.swift */; };
		54FC8A652C62D8E20025A13B /* Base in Resources */ = {isa = PBXBuildFile; fileRef = 54FC8A642C62D8E20025A13B /* Base */; };
		54FC8A672C62D8E30025A13B /* Assets.xcassets in Resources */ = {isa = PBXBuildFile; fileRef = 54FC8A662C62D8E30025A13B /* Assets.xcassets */; };
		54FC8A6A2C62D8E30025A13B /* Base in Resources */ = {isa = PBXBuildFile; fileRef = 54FC8A692C62D8E30025A13B /* Base */; };
		54FC8A772C62DA4E0025A13B /* HomeContract.swift in Sources */ = {isa = PBXBuildFile; fileRef = 54FC8A722C62DA4E0025A13B /* HomeContract.swift */; };
		54FC8A782C62DA4E0025A13B /* HomePresenter.swift in Sources */ = {isa = PBXBuildFile; fileRef = 54FC8A732C62DA4E0025A13B /* HomePresenter.swift */; };
		54FC8A792C62DA4E0025A13B /* HomeRouter.swift in Sources */ = {isa = PBXBuildFile; fileRef = 54FC8A742C62DA4E0025A13B /* HomeRouter.swift */; };
		54FC8A7A2C62DA4E0025A13B /* HomeViewController.swift in Sources */ = {isa = PBXBuildFile; fileRef = 54FC8A752C62DA4E0025A13B /* HomeViewController.swift */; };
		54FC8A7B2C62DA4E0025A13B /* HomeInteractor.swift in Sources */ = {isa = PBXBuildFile; fileRef = 54FC8A762C62DA4E0025A13B /* HomeInteractor.swift */; };
/* End PBXBuildFile section */

/* Begin PBXFileReference section */
		54FC8A5A2C62D8E20025A13B /* ozPodcastApp.app */ = {isa = PBXFileReference; explicitFileType = wrapper.application; includeInIndex = 0; path = ozPodcastApp.app; sourceTree = BUILT_PRODUCTS_DIR; };
		54FC8A5D2C62D8E20025A13B /* AppDelegate.swift */ = {isa = PBXFileReference; lastKnownFileType = sourcecode.swift; path = AppDelegate.swift; sourceTree = "<group>"; };
		54FC8A5F2C62D8E20025A13B /* SceneDelegate.swift */ = {isa = PBXFileReference; lastKnownFileType = sourcecode.swift; path = SceneDelegate.swift; sourceTree = "<group>"; };
		54FC8A612C62D8E20025A13B /* ViewController.swift */ = {isa = PBXFileReference; lastKnownFileType = sourcecode.swift; path = ViewController.swift; sourceTree = "<group>"; };
		54FC8A642C62D8E20025A13B /* Base */ = {isa = PBXFileReference; lastKnownFileType = file.storyboard; name = Base; path = Base.lproj/Main.storyboard; sourceTree = "<group>"; };
		54FC8A662C62D8E30025A13B /* Assets.xcassets */ = {isa = PBXFileReference; lastKnownFileType = folder.assetcatalog; path = Assets.xcassets; sourceTree = "<group>"; };
		54FC8A692C62D8E30025A13B /* Base */ = {isa = PBXFileReference; lastKnownFileType = file.storyboard; name = Base; path = Base.lproj/LaunchScreen.storyboard; sourceTree = "<group>"; };
		54FC8A6B2C62D8E30025A13B /* Info.plist */ = {isa = PBXFileReference; lastKnownFileType = text.plist.xml; path = Info.plist; sourceTree = "<group>"; };
		54FC8A722C62DA4E0025A13B /* HomeContract.swift */ = {isa = PBXFileReference; lastKnownFileType = sourcecode.swift; path = HomeContract.swift; sourceTree = "<group>"; };
		54FC8A732C62DA4E0025A13B /* HomePresenter.swift */ = {isa = PBXFileReference; lastKnownFileType = sourcecode.swift; path = HomePresenter.swift; sourceTree = "<group>"; };
		54FC8A742C62DA4E0025A13B /* HomeRouter.swift */ = {isa = PBXFileReference; lastKnownFileType = sourcecode.swift; path = HomeRouter.swift; sourceTree = "<group>"; };
		54FC8A752C62DA4E0025A13B /* HomeViewController.swift */ = {isa = PBXFileReference; lastKnownFileType = sourcecode.swift; path = HomeViewController.swift; sourceTree = "<group>"; };
		54FC8A762C62DA4E0025A13B /* HomeInteractor.swift */ = {isa = PBXFileReference; lastKnownFileType = sourcecode.swift; path = HomeInteractor.swift; sourceTree = "<group>"; };
/* End PBXFileReference section */

/* Begin PBXFrameworksBuildPhase section */
		54FC8A572C62D8E20025A13B /* Frameworks */ = {
			isa = PBXFrameworksBuildPhase;
			buildActionMask = 2147483647;
			files = (
			);
			runOnlyForDeploymentPostprocessing = 0;
		};
/* End PBXFrameworksBuildPhase section */

/* Begin PBXGroup section */
		54FC8A512C62D8E20025A13B = {
			isa = PBXGroup;
			children = (
				54FC8A5C2C62D8E20025A13B /* ozPodcastApp */,
				54FC8A5B2C62D8E20025A13B /* Products */,
			);
			sourceTree = "<group>";
		};
		54FC8A5B2C62D8E20025A13B /* Products */ = {
			isa = PBXGroup;
			children = (
				54FC8A5A2C62D8E20025A13B /* ozPodcastApp.app */,
			);
			name = Products;
			sourceTree = "<group>";
		};
		54FC8A5C2C62D8E20025A13B /* ozPodcastApp */ = {
			isa = PBXGroup;
			children = (
				54FC8A712C62DA310025A13B /* Home */,
				54FC8A5D2C62D8E20025A13B /* AppDelegate.swift */,
				54FC8A5F2C62D8E20025A13B /* SceneDelegate.swift */,
				54FC8A612C62D8E20025A13B /* ViewController.swift */,
				54FC8A632C62D8E20025A13B /* Main.storyboard */,
				54FC8A662C62D8E30025A13B /* Assets.xcassets */,
				54FC8A682C62D8E30025A13B /* LaunchScreen.storyboard */,
				54FC8A6B2C62D8E30025A13B /* Info.plist */,
			);
			path = ozPodcastApp;
			sourceTree = "<group>";
		};
		54FC8A712C62DA310025A13B /* Home */ = {
			isa = PBXGroup;
			children = (
				54FC8A722C62DA4E0025A13B /* HomeContract.swift */,
				54FC8A732C62DA4E0025A13B /* HomePresenter.swift */,
				54FC8A742C62DA4E0025A13B /* HomeRouter.swift */,
				54FC8A752C62DA4E0025A13B /* HomeViewController.swift */,
				54FC8A762C62DA4E0025A13B /* HomeInteractor.swift */,
			);
			path = Home;
			sourceTree = "<group>";
		};
/* End PBXGroup section */

/* Begin PBXNativeTarget section */
		54FC8A592C62D8E20025A13B /* ozPodcastApp */ = {
			isa = PBXNativeTarget;
			buildConfigurationList = 54FC8A6E2C62D8E30025A13B /* Build configuration list for PBXNativeTarget "ozPodcastApp" */;
			buildPhases = (
				54FC8A562C62D8E20025A13B /* Sources */,
				54FC8A572C62D8E20025A13B /* Frameworks */,
				54FC8A582C62D8E20025A13B /* Resources */,
			);
			buildRules = (
			);
			dependencies = (
			);
			name = ozPodcastApp;
			productName = ozPodcastApp;
			productReference = 54FC8A5A2C62D8E20025A13B /* ozPodcastApp.app */;
			productType = "com.apple.product-type.application";
		};
/* End PBXNativeTarget section */

/* Begin PBXProject section */
		54FC8A522C62D8E20025A13B /* Project object */ = {
			isa = PBXProject;
			attributes = {
				BuildIndependentTargetsInParallel = 1;
				LastSwiftUpdateCheck = 1540;
				LastUpgradeCheck = 1540;
				TargetAttributes = {
					54FC8A592C62D8E20025A13B = {
						CreatedOnToolsVersion = 15.4;
					};
				};
			};
			buildConfigurationList = 54FC8A552C62D8E20025A13B /* Build configuration list for PBXProject "ozPodcastApp" */;
			compatibilityVersion = "Xcode 14.0";
			developmentRegion = en;
			hasScannedForEncodings = 0;
			knownRegions = (
				en,
				Base,
			);
			mainGroup = 54FC8A512C62D8E20025A13B;
			productRefGroup = 54FC8A5B2C62D8E20025A13B /* Products */;
			projectDirPath = "";
			projectRoot = "";
			targets = (
				54FC8A592C62D8E20025A13B /* ozPodcastApp */,
			);
		};
/* End PBXProject section */

/* Begin PBXResourcesBuildPhase section */
		54FC8A582C62D8E20025A13B /* Resources */ = {
			isa = PBXResourcesBuildPhase;
			buildActionMask = 2147483647;
			files = (
				54FC8A672C62D8E30025A13B /* Assets.xcassets in Resources */,
				54FC8A6A2C62D8E30025A13B /* Base in Resources */,
				54FC8A652C62D8E20025A13B /* Base in Resources */,
			);
			runOnlyForDeploymentPostprocessing = 0;
		};
/* End PBXResourcesBuildPhase section */

/* Begin PBXSourcesBuildPhase section */
		54FC8A562C62D8E20025A13B /* Sources */ = {
			isa = PBXSourcesBuildPhase;
			buildActionMask = 2147483647;
			files = (
				54FC8A622C62D8E20025A13B /* ViewController.swift in Sources */,
				54FC8A5E2C62D8E20025A13B /* AppDelegate.swift in Sources */,
				54FC8A772C62DA4E0025A13B /* HomeContract.swift in Sources */,
				54FC8A782C62DA4E0025A13B /* HomePresenter.swift in Sources */,
				54FC8A792C62DA4E0025A13B /* HomeRouter.swift in Sources */,
				54FC8A7A2C62DA4E0025A13B /* HomeViewController.swift in Sources */,
				54FC8A7B2C62DA4E0025A13B /* HomeInteractor.swift in Sources */,
				54FC8A602C62D8E20025A13B /* SceneDelegate.swift in Sources */,
			);
			runOnlyForDeploymentPostprocessing = 0;
		};
/* End PBXSourcesBuildPhase section */

/* Begin PBXVariantGroup section */
		54FC8A632C62D8E20025A13B /* Main.storyboard */ = {
			isa = PBXVariantGroup;
			children = (
				54FC8A642C62D8E20025A13B /* Base */,
			);
			name = Main.storyboard;
			sourceTree = "<group>";
		};
		54FC8A682C62D8E30025A13B /* LaunchScreen.storyboard */ = {
			isa = PBXVariantGroup;
			children = (
				54FC8A692C62D8E30025A13B /* Base */,
			);
			name = LaunchScreen.storyboard;
			sourceTree = "<group>";
		};
/* End PBXVariantGroup section */

/* Begin XCBuildConfiguration section */
		54FC8A6C2C62D8E30025A13B /* Debug */ = {
			isa = XCBuildConfiguration;
			buildSettings = {
				ALWAYS_SEARCH_USER_PATHS = NO;
				ASSETCATALOG_COMPILER_GENERATE_SWIFT_ASSET_SYMBOL_EXTENSIONS = YES;
				CLANG_ANALYZER_NONNULL = YES;
				CLANG_ANALYZER_NUMBER_OBJECT_CONVERSION = YES_AGGRESSIVE;
				CLANG_CXX_LANGUAGE_STANDARD = "gnu++20";
				CLANG_ENABLE_MODULES = YES;
				CLANG_ENABLE_OBJC_ARC = YES;
				CLANG_ENABLE_OBJC_WEAK = YES;
				CLANG_WARN_BLOCK_CAPTURE_AUTORELEASING = YES;
				CLANG_WARN_BOOL_CONVERSION = YES;
				CLANG_WARN_COMMA = YES;
				CLANG_WARN_CONSTANT_CONVERSION = YES;
				CLANG_WARN_DEPRECATED_OBJC_IMPLEMENTATIONS = YES;
				CLANG_WARN_DIRECT_OBJC_ISA_USAGE = YES_ERROR;
				CLANG_WARN_DOCUMENTATION_COMMENTS = YES;
				CLANG_WARN_EMPTY_BODY = YES;
				CLANG_WARN_ENUM_CONVERSION = YES;
				CLANG_WARN_INFINITE_RECURSION = YES;
				CLANG_WARN_INT_CONVERSION = YES;
				CLANG_WARN_NON_LITERAL_NULL_CONVERSION = YES;
				CLANG_WARN_OBJC_IMPLICIT_RETAIN_SELF = YES;
				CLANG_WARN_OBJC_LITERAL_CONVERSION = YES;
				CLANG_WARN_OBJC_ROOT_CLASS = YES_ERROR;
				CLANG_WARN_QUOTED_INCLUDE_IN_FRAMEWORK_HEADER = YES;
				CLANG_WARN_RANGE_LOOP_ANALYSIS = YES;
				CLANG_WARN_STRICT_PROTOTYPES = YES;
				CLANG_WARN_SUSPICIOUS_MOVE = YES;
				CLANG_WARN_UNGUARDED_AVAILABILITY = YES_AGGRESSIVE;
				CLANG_WARN_UNREACHABLE_CODE = YES;
				CLANG_WARN__DUPLICATE_METHOD_MATCH = YES;
				COPY_PHASE_STRIP = NO;
				DEBUG_INFORMATION_FORMAT = dwarf;
				ENABLE_STRICT_OBJC_MSGSEND = YES;
				ENABLE_TESTABILITY = YES;
				ENABLE_USER_SCRIPT_SANDBOXING = YES;
				GCC_C_LANGUAGE_STANDARD = gnu17;
				GCC_DYNAMIC_NO_PIC = NO;
				GCC_NO_COMMON_BLOCKS = YES;
				GCC_OPTIMIZATION_LEVEL = 0;
				GCC_PREPROCESSOR_DEFINITIONS = (
					"DEBUG=1",
					"$(inherited)",
				);
				GCC_WARN_64_TO_32_BIT_CONVERSION = YES;
				GCC_WARN_ABOUT_RETURN_TYPE = YES_ERROR;
				GCC_WARN_UNDECLARED_SELECTOR = YES;
				GCC_WARN_UNINITIALIZED_AUTOS = YES_AGGRESSIVE;
				GCC_WARN_UNUSED_FUNCTION = YES;
				GCC_WARN_UNUSED_VARIABLE = YES;
				IPHONEOS_DEPLOYMENT_TARGET = 17.5;
				LOCALIZATION_PREFERS_STRING_CATALOGS = YES;
				MTL_ENABLE_DEBUG_INFO = INCLUDE_SOURCE;
				MTL_FAST_MATH = YES;
				ONLY_ACTIVE_ARCH = YES;
				SDKROOT = iphoneos;
				SWIFT_ACTIVE_COMPILATION_CONDITIONS = "DEBUG $(inherited)";
				SWIFT_OPTIMIZATION_LEVEL = "-Onone";
			};
			name = Debug;
		};
		54FC8A6D2C62D8E30025A13B /* Release */ = {
			isa = XCBuildConfiguration;
			buildSettings = {
				ALWAYS_SEARCH_USER_PATHS = NO;
				ASSETCATALOG_COMPILER_GENERATE_SWIFT_ASSET_SYMBOL_EXTENSIONS = YES;
				CLANG_ANALYZER_NONNULL = YES;
				CLANG_ANALYZER_NUMBER_OBJECT_CONVERSION = YES_AGGRESSIVE;
				CLANG_CXX_LANGUAGE_STANDARD = "gnu++20";
				CLANG_ENABLE_MODULES = YES;
				CLANG_ENABLE_OBJC_ARC = YES;
				CLANG_ENABLE_OBJC_WEAK = YES;
				CLANG_WARN_BLOCK_CAPTURE_AUTORELEASING = YES;
				CLANG_WARN_BOOL_CONVERSION = YES;
				CLANG_WARN_COMMA = YES;
				CLANG_WARN_CONSTANT_CONVERSION = YES;
				CLANG_WARN_DEPRECATED_OBJC_IMPLEMENTATIONS = YES;
				CLANG_WARN_DIRECT_OBJC_ISA_USAGE = YES_ERROR;
				CLANG_WARN_DOCUMENTATION_COMMENTS = YES;
				CLANG_WARN_EMPTY_BODY = YES;
				CLANG_WARN_ENUM_CONVERSION = YES;
				CLANG_WARN_INFINITE_RECURSION = YES;
				CLANG_WARN_INT_CONVERSION = YES;
				CLANG_WARN_NON_LITERAL_NULL_CONVERSION = YES;
				CLANG_WARN_OBJC_IMPLICIT_RETAIN_SELF = YES;
				CLANG_WARN_OBJC_LITERAL_CONVERSION = YES;
				CLANG_WARN_OBJC_ROOT_CLASS = YES_ERROR;
				CLANG_WARN_QUOTED_INCLUDE_IN_FRAMEWORK_HEADER = YES;
				CLANG_WARN_RANGE_LOOP_ANALYSIS = YES;
				CLANG_WARN_STRICT_PROTOTYPES = YES;
				CLANG_WARN_SUSPICIOUS_MOVE = YES;
				CLANG_WARN_UNGUARDED_AVAILABILITY = YES_AGGRESSIVE;
				CLANG_WARN_UNREACHABLE_CODE = YES;
				CLANG_WARN__DUPLICATE_METHOD_MATCH = YES;
				COPY_PHASE_STRIP = NO;
				DEBUG_INFORMATION_FORMAT = "dwarf-with-dsym";
				ENABLE_NS_ASSERTIONS = NO;
				ENABLE_STRICT_OBJC_MSGSEND = YES;
				ENABLE_USER_SCRIPT_SANDBOXING = YES;
				GCC_C_LANGUAGE_STANDARD = gnu17;
				GCC_NO_COMMON_BLOCKS = YES;
				GCC_WARN_64_TO_32_BIT_CONVERSION = YES;
				GCC_WARN_ABOUT_RETURN_TYPE = YES_ERROR;
				GCC_WARN_UNDECLARED_SELECTOR = YES;
				GCC_WARN_UNINITIALIZED_AUTOS = YES_AGGRESSIVE;
				GCC_WARN_UNUSED_FUNCTION = YES;
				GCC_WARN_UNUSED_VARIABLE = YES;
				IPHONEOS_DEPLOYMENT_TARGET = 17.5;
				LOCALIZATION_PREFERS_STRING_CATALOGS = YES;
				MTL_ENABLE_DEBUG_INFO = NO;
				MTL_FAST_MATH = YES;
				SDKROOT = iphoneos;
				SWIFT_COMPILATION_MODE = wholemodule;
				VALIDATE_PRODUCT = YES;
			};
			name = Release;
		};
		54FC8A6F2C62D8E30025A13B /* Debug */ = {
			isa = XCBuildConfiguration;
			buildSettings = {
				ASSETCATALOG_COMPILER_APPICON_NAME = AppIcon;
				ASSETCATALOG_COMPILER_GLOBAL_ACCENT_COLOR_NAME = AccentColor;
				CODE_SIGN_STYLE = Automatic;
				CURRENT_PROJECT_VERSION = 1;
				GENERATE_INFOPLIST_FILE = YES;
				INFOPLIST_FILE = ozPodcastApp/Info.plist;
				INFOPLIST_KEY_UIApplicationSupportsIndirectInputEvents = YES;
				INFOPLIST_KEY_UILaunchStoryboardName = LaunchScreen;
				INFOPLIST_KEY_UIMainStoryboardFile = Main;
				INFOPLIST_KEY_UISupportedInterfaceOrientations_iPad = "UIInterfaceOrientationPortrait UIInterfaceOrientationPortraitUpsideDown UIInterfaceOrientationLandscapeLeft UIInterfaceOrientationLandscapeRight";
				INFOPLIST_KEY_UISupportedInterfaceOrientations_iPhone = "UIInterfaceOrientationPortrait UIInterfaceOrientationLandscapeLeft UIInterfaceOrientationLandscapeRight";
				LD_RUNPATH_SEARCH_PATHS = (
					"$(inherited)",
					"@executable_path/Frameworks",
				);
				MARKETING_VERSION = 1.0;
				PRODUCT_BUNDLE_IDENTIFIER = com.vb10.ozPodcastApp;
				PRODUCT_NAME = "$(TARGET_NAME)";
				SWIFT_EMIT_LOC_STRINGS = YES;
				SWIFT_VERSION = 5.0;
				TARGETED_DEVICE_FAMILY = "1,2";
			};
			name = Debug;
		};
		54FC8A702C62D8E30025A13B /* Release */ = {
			isa = XCBuildConfiguration;
			buildSettings = {
				ASSETCATALOG_COMPILER_APPICON_NAME = AppIcon;
				ASSETCATALOG_COMPILER_GLOBAL_ACCENT_COLOR_NAME = AccentColor;
				CODE_SIGN_STYLE = Automatic;
				CURRENT_PROJECT_VERSION = 1;
				GENERATE_INFOPLIST_FILE = YES;
				INFOPLIST_FILE = ozPodcastApp/Info.plist;
				INFOPLIST_KEY_UIApplicationSupportsIndirectInputEvents = YES;
				INFOPLIST_KEY_UILaunchStoryboardName = LaunchScreen;
				INFOPLIST_KEY_UIMainStoryboardFile = Main;
				INFOPLIST_KEY_UISupportedInterfaceOrientations_iPad = "UIInterfaceOrientationPortrait UIInterfaceOrientationPortraitUpsideDown UIInterfaceOrientationLandscapeLeft UIInterfaceOrientationLandscapeRight";
				INFOPLIST_KEY_UISupportedInterfaceOrientations_iPhone = "UIInterfaceOrientationPortrait UIInterfaceOrientationLandscapeLeft UIInterfaceOrientationLandscapeRight";
				LD_RUNPATH_SEARCH_PATHS = (
					"$(inherited)",
					"@executable_path/Frameworks",
				);
				MARKETING_VERSION = 1.0;
				PRODUCT_BUNDLE_IDENTIFIER = com.vb10.ozPodcastApp;
				PRODUCT_NAME = "$(TARGET_NAME)";
				SWIFT_EMIT_LOC_STRINGS = YES;
				SWIFT_VERSION = 5.0;
				TARGETED_DEVICE_FAMILY = "1,2";
			};
			name = Release;
		};
/* End XCBuildConfiguration section */

/* Begin XCConfigurationList section */
		54FC8A552C62D8E20025A13B /* Build configuration list for PBXProject "ozPodcastApp" */ = {
			isa = XCConfigurationList;
			buildConfigurations = (
				54FC8A6C2C62D8E30025A13B /* Debug */,
				54FC8A6D2C62D8E30025A13B /* Release */,
			);
			defaultConfigurationIsVisible = 0;
			defaultConfigurationName = Release;
		};
		54FC8A6E2C62D8E30025A13B /* Build configuration list for PBXNativeTarget "ozPodcastApp" */ = {
			isa = XCConfigurationList;
			buildConfigurations = (
				54FC8A6F2C62D8E30025A13B /* Debug */,
				54FC8A702C62D8E30025A13B /* Release */,
			);
			defaultConfigurationIsVisible = 0;
			defaultConfigurationName = Release;
		};
/* End XCConfigurationList section */
	};
	rootObject = 54FC8A522C62D8E20025A13B /* Project object */;
}
